Microsoft Visual Studio Solution File, Format Version 7.00
Project("{FAE04EC0-301F-11D3-BF4B-00C04F79EFBC}") = "CustomComponent", "CustomComponent.csproj", "{DCF2DB26-865A-4C4F-954C-83AD30A34419}"
EndProject
Global
	GlobalSection(SolutionConfiguration) = preSolution
		ConfigName.0 = Debug
		ConfigName.1 = Release
	EndGlobalSection
	GlobalSection(ProjectDependencies) = postSolution
	EndGlobalSection
	GlobalSection(ProjectConfiguration) = postSolution
		{DCF2DB26-865A-4C4F-954C-83AD30A34419}.Debug.ActiveCfg = Debug|.NET
		{DCF2DB26-865A-4C4F-954C-83AD30A34419}.Debug.Build.0 = Debug|.NET
		{DCF2DB26-865A-4C4F-954C-83AD30A34419}.Release.ActiveCfg = Release|.NET
		{DCF2DB26-865A-4C4F-954C-83AD30A34419}.Release.Build.0 = Release|.NET
	EndGlobalSection
	GlobalSection(ExtensibilityGlobals) = postSolution
	EndGlobalSection
	GlobalSection(ExtensibilityAddIns) = postSolution
	EndGlobalSection
EndGlobal
