Microsoft Visual Studio Solution File, Format Version 12.00
# Visual Studio 2013
VisualStudioVersion = 12.0.40629.0
MinimumVisualStudioVersion = 10.0.40219.1
Project("{FAE04EC0-301F-11D3-BF4B-00C04F79EFBC}") = "Using Business Objects", "Using Business Objects\Using Business Objects.csproj", "{CA0690E6-243A-48E5-8EB2-F7A2EBD6DA85}"
EndProject
Project("{FAE04EC0-301F-11D3-BF4B-00C04F79EFBC}") = "My Copyrights", "My Copyrights\My Copyrights.csproj", "{A3C377D5-7C63-4CE1-B1CB-1DE65C8DE9A4}"
EndProject
Project("{FAE04EC0-301F-11D3-BF4B-00C04F79EFBC}") = "CustomComponent", "CustomComponent\CustomComponent.csproj", "{DCF2DB26-865A-4C4F-954C-83AD30A34419}"
EndProject
Project("{FAE04EC0-301F-11D3-BF4B-00C04F79EFBC}") = "CustomViewer", "CustomViewer\CustomViewer.csproj", "{1AD5ECF0-B154-4969-AB5F-7DACDCE52090}"
EndProject
Project("{FAE04EC0-301F-11D3-BF4B-00C04F79EFBC}") = "CustomDesigner", "CustomDesigner\CustomDesigner.csproj", "{C0409ADC-240F-4AE2-8A75-D404C28A9806}"
EndProject
Project("{FAE04EC0-301F-11D3-BF4B-00C04F79EFBC}") = "Export Reports", "Export Reports\Export Reports.csproj", "{69127936-AE54-469F-8984-C9C357C2078C}"
EndProject
Project("{FAE04EC0-301F-11D3-BF4B-00C04F79EFBC}") = "Globalized Reports", "Globalized Reports\Globalized Reports.csproj", "{F8A301AC-3B91-4058-8AA5-B7DAB275201B}"
EndProject
Project("{FAE04EC0-301F-11D3-BF4B-00C04F79EFBC}") = "Live Reports", "Live Reports\Live Reports.csproj", "{27319D05-15F0-4D82-B14F-747D3325D39B}"
EndProject
Project("{FAE04EC0-301F-11D3-BF4B-00C04F79EFBC}") = "Print Grid", "Print Grid\Print Grid.csproj", "{ACEB5ED4-23F8-4C96-8885-0976B60EAB3B}"
EndProject
Project("{FAE04EC0-301F-11D3-BF4B-00C04F79EFBC}") = "Work with Report Components", "Work with Report Components\Work with Report Components.csproj", "{0F0DF6B5-8F63-4BFD-8F95-52D107781355}"
EndProject
Project("{FAE04EC0-301F-11D3-BF4B-00C04F79EFBC}") = "Using Report Variables", "Using Report Variables\Using Report Variables.csproj", "{2C08368C-AA62-48E3-A0D0-79517ECDEB4F}"
EndProject
Project("{FAE04EC0-301F-11D3-BF4B-00C04F79EFBC}") = "User Data in Reports", "User Data in Reports\User Data in Reports.csproj", "{A0AFF4D2-4694-4C92-B271-97136B8F7BD6}"
EndProject
Project("{FAE04EC0-301F-11D3-BF4B-00C04F79EFBC}") = "Reports with Sql Parameters", "Reports with Sql Parameters\Reports with Sql Parameters.csproj", "{2280AF39-D6E9-4D85-8FA5-BB6776A3EEBA}"
EndProject
Project("{FAE04EC0-301F-11D3-BF4B-00C04F79EFBC}") = "Runtime Report Creation", "Runtime Report Creation\Runtime Report Creation.csproj", "{C994BF78-DBF8-4C68-A1B1-73778B711365}"
EndProject
Project("{FAE04EC0-301F-11D3-BF4B-00C04F79EFBC}") = "Viewer in RightToLeft", "Viewer in RightToLeft\Viewer in RightToLeft.csproj", "{5CDA5A79-EC93-4FB3-B937-00A96EF5E3E0}"
EndProject
Project("{FAE04EC0-301F-11D3-BF4B-00C04F79EFBC}") = "Print Table", "Print Table\Print Table.csproj", "{1D9D637D-B0C9-465B-8955-1FA112FD46D1}"
EndProject
Project("{FAE04EC0-301F-11D3-BF4B-00C04F79EFBC}") = "Realtime Viewer", "Realtime Viewer\Realtime Viewer.csproj", "{003B884E-62F8-46CC-AB86-46A08138AAC4}"
EndProject
Project("{FAE04EC0-301F-11D3-BF4B-00C04F79EFBC}") = "DesignerAndSaveLoadEvents", "DesignerAndSaveLoadEvents\DesignerAndSaveLoadEvents.csproj", "{DBB47693-BB3D-4E74-BED6-BA60FFC816FD}"
EndProject
Project("{FAE04EC0-301F-11D3-BF4B-00C04F79EFBC}") = "Runtime Table Creation", "Runtime Table Creation\Runtime Table Creation.csproj", "{E146CDF9-3BB7-4C3C-93EC-659E11C79AE3}"
EndProject
Project("{FAE04EC0-301F-11D3-BF4B-00C04F79EFBC}") = "Demo", "Demo\Demo.csproj", "{36176790-E62D-43BD-86AC-CF44DC2EF041}"
EndProject
Project("{FAE04EC0-301F-11D3-BF4B-00C04F79EFBC}") = "Invoice Creator", "Invoice Creator\Invoice Creator.csproj", "{CD403AF2-B4BF-41A6-B5ED-F08B7E51408C}"
EndProject
Project("{FAE04EC0-301F-11D3-BF4B-00C04F79EFBC}") = "Using Linq in Reports", "Using Linq in Reports\Using Linq in Reports.csproj", "{15230670-EDC3-4790-B540-FE2EC88B8380}"
EndProject
Project("{E24C65DC-7377-472B-9ABA-BC803B73C61A}") = "Web Demo", "Web Demo\", "{AEBCF582-86D6-4A63-AB2F-97C2148649EA}"
	ProjectSection(WebsiteProperties) = preProject
		TargetFrameworkMoniker = ".NETFramework,Version%3Dv4.0"
		Debug.AspNetCompiler.VirtualPath = "/Web Demo"
		Debug.AspNetCompiler.PhysicalPath = "Web Demo\"
		Debug.AspNetCompiler.TargetPath = "PrecompiledWeb\Web Demo\"
		Debug.AspNetCompiler.Updateable = "true"
		Debug.AspNetCompiler.ForceOverwrite = "true"
		Debug.AspNetCompiler.FixedNames = "false"
		Debug.AspNetCompiler.Debug = "True"
		Release.AspNetCompiler.VirtualPath = "/Web Demo"
		Release.AspNetCompiler.PhysicalPath = "Web Demo\"
		Release.AspNetCompiler.TargetPath = "PrecompiledWeb\Web Demo\"
		Release.AspNetCompiler.Updateable = "true"
		Release.AspNetCompiler.ForceOverwrite = "true"
		Release.AspNetCompiler.FixedNames = "false"
		Release.AspNetCompiler.Debug = "False"
		VWDPort = "2786"
		SlnRelativePath = "Web Demo\"
	EndProjectSection
EndProject
Project("{FAE04EC0-301F-11D3-BF4B-00C04F79EFBC}") = "SelectingColumns", "SelectingColumns\SelectingColumns.csproj", "{B27E7A2F-EB0C-41E2-BABC-C602F18240E8}"
EndProject
Project("{FAE04EC0-301F-11D3-BF4B-00C04F79EFBC}") = "CreateReportInRuntimeFromBusinessObject", "CreateReportInRuntimeFromBusinessObject\CreateReportInRuntimeFromBusinessObject.csproj", "{F7B2B910-36E2-4D90-8F7A-0237794BF86B}"
EndProject
Project("{FAE04EC0-301F-11D3-BF4B-00C04F79EFBC}") = "CrossTabRuntime", "CrossTabRuntime\CrossTabRuntime.csproj", "{C1F827A2-17C7-4C62-81AD-89EAC0E177F8}"
EndProject
Project("{FAE04EC0-301F-11D3-BF4B-00C04F79EFBC}") = "CustomComponent2", "CustomComponent2\CustomComponent2.csproj", "{8CDCB840-0B81-41D7-9344-128609FF5BE5}"
EndProject
Project("{FAE04EC0-301F-11D3-BF4B-00C04F79EFBC}") = "DesignerManagementRibbon", "DesignerManagementRibbon\DesignerManagementRibbon.csproj", "{64404C31-50C6-4C74-BA80-BE7CCC66B0DB}"
EndProject
Project("{FAE04EC0-301F-11D3-BF4B-00C04F79EFBC}") = "Export Many Files To One Big Pdf", "Export Many Files To One Big Pdf\Export Many Files To One Big Pdf.csproj", "{E3263EF7-8029-4031-8427-D18AC13CAEFE}"
EndProject
Project("{FAE04EC0-301F-11D3-BF4B-00C04F79EFBC}") = "Export Rendered Report", "Export Rendered Report\Export Rendered Report.csproj", "{9F777876-3384-4BFD-8658-3E46C6459EA6}"
EndProject
Project("{FAE04EC0-301F-11D3-BF4B-00C04F79EFBC}") = "GetDataTablesFromDataBase", "Get Data Tables From Data Base\GetDataTablesFromDataBase.csproj", "{D21B7FFF-AAFE-4A78-9C63-0EAE48F6C013}"
EndProject
Project("{E24C65DC-7377-472B-9ABA-BC803B73C61A}") = "GlobalizedReportWeb", "http://localhost:21156", "{6CDCBE50-431F-4642-AAA4-C71CA707BD0E}"
	ProjectSection(WebsiteProperties) = preProject
		UseIISExpress = "true"
		TargetFrameworkMoniker = ".NETFramework,Version%3Dv4.0"
		Debug.AspNetCompiler.VirtualPath = "/localhost_21156"
		Debug.AspNetCompiler.PhysicalPath = "GlobalizedReportWeb\"
		Debug.AspNetCompiler.TargetPath = "PrecompiledWeb\localhost_21156\"
		Debug.AspNetCompiler.Updateable = "true"
		Debug.AspNetCompiler.ForceOverwrite = "true"
		Debug.AspNetCompiler.FixedNames = "false"
		Debug.AspNetCompiler.Debug = "True"
		Release.AspNetCompiler.VirtualPath = "/localhost_21156"
		Release.AspNetCompiler.PhysicalPath = "GlobalizedReportWeb\"
		Release.AspNetCompiler.TargetPath = "PrecompiledWeb\localhost_21156\"
		Release.AspNetCompiler.Updateable = "true"
		Release.AspNetCompiler.ForceOverwrite = "true"
		Release.AspNetCompiler.FixedNames = "false"
		Release.AspNetCompiler.Debug = "False"
		SlnRelativePath = "GlobalizedReportWeb\"
	EndProjectSection
EndProject
Project("{FAE04EC0-301F-11D3-BF4B-00C04F79EFBC}") = "MdiDesigner", "MdiDesigner\MdiDesigner.csproj", "{6077799B-C7B1-4D05-98E6-DFA6D1EDDAAA}"
EndProject
Project("{FAE04EC0-301F-11D3-BF4B-00C04F79EFBC}") = "MemoryTest", "MemoryTest\MemoryTest.csproj", "{23B0EB15-063D-4224-8A58-74CE51EE15F6}"
EndProject
Project("{FAE04EC0-301F-11D3-BF4B-00C04F79EFBC}") = "PrintTest", "PrintTest\PrintTest.csproj", "{60B264AF-A39F-419E-BFC8-D6B25D328A90}"
EndProject
Project("{FAE04EC0-301F-11D3-BF4B-00C04F79EFBC}") = "RealtimePreview", "RealtimePreview\RealtimePreview.csproj", "{0FE88E7B-9BA8-4822-90B6-07065D987599}"
EndProject
Project("{FAE04EC0-301F-11D3-BF4B-00C04F79EFBC}") = "RenderInThread", "RenderInThread\RenderInThread.csproj", "{FA1CEAE5-C1EB-4D10-9338-35CA9C19FF22}"
EndProject
Project("{FAE04EC0-301F-11D3-BF4B-00C04F79EFBC}") = "RenderInThread2", "RenderInThread2\RenderInThread2.csproj", "{1DE21F23-FC17-4034-8324-C83A37416678}"
EndProject
Project("{FAE04EC0-301F-11D3-BF4B-00C04F79EFBC}") = "SampleProgress", "SampleProgress\SampleProgress.csproj", "{B0BC113F-0D91-49CC-94EA-DFCD005F8BB1}"
EndProject
Project("{FAE04EC0-301F-11D3-BF4B-00C04F79EFBC}") = "SaveLoadReportDesigner", "SaveLoadReportDesigner\SaveLoadReportDesigner.csproj", "{0240D48F-EE64-4B2A-B073-A641E9698CA6}"
EndProject
Project("{FAE04EC0-301F-11D3-BF4B-00C04F79EFBC}") = "SelectingColumns1", "SelectingColumns1\SelectingColumns1.csproj", "{3B4E47DE-C4D0-4BA3-855B-08C4C790D123}"
EndProject
Project("{FAE04EC0-301F-11D3-BF4B-00C04F79EFBC}") = "SubReports", "SubReports\SubReports.csproj", "{FC26A18A-64D6-4E14-986D-B5571CFA4441}"
EndProject
Project("{E24C65DC-7377-472B-9ABA-BC803B73C61A}") = "WebSqlParameters", "http://localhost:23312", "{ED6D6462-EB0D-4940-AC7B-BF4C937A5794}"
	ProjectSection(WebsiteProperties) = preProject
		UseIISExpress = "true"
		TargetFrameworkMoniker = ".NETFramework,Version%3Dv4.0"
		Debug.AspNetCompiler.VirtualPath = "/localhost_23312"
		Debug.AspNetCompiler.PhysicalPath = "WebSqlParameters\"
		Debug.AspNetCompiler.TargetPath = "PrecompiledWeb\localhost_23312\"
		Debug.AspNetCompiler.Updateable = "true"
		Debug.AspNetCompiler.ForceOverwrite = "true"
		Debug.AspNetCompiler.FixedNames = "false"
		Debug.AspNetCompiler.Debug = "True"
		Release.AspNetCompiler.VirtualPath = "/localhost_23312"
		Release.AspNetCompiler.PhysicalPath = "WebSqlParameters\"
		Release.AspNetCompiler.TargetPath = "PrecompiledWeb\localhost_23312\"
		Release.AspNetCompiler.Updateable = "true"
		Release.AspNetCompiler.ForceOverwrite = "true"
		Release.AspNetCompiler.FixedNames = "false"
		Release.AspNetCompiler.Debug = "False"
		SlnRelativePath = "WebSqlParameters\"
	EndProjectSection
EndProject
Global
	GlobalSection(SolutionConfigurationPlatforms) = preSolution
		Debug|.NET = Debug|.NET
		Debug|Any CPU = Debug|Any CPU
		Debug|Mixed Platforms = Debug|Mixed Platforms
		Demo|.NET = Demo|.NET
		Demo|Any CPU = Demo|Any CPU
		Demo|Mixed Platforms = Demo|Mixed Platforms
		Release|.NET = Release|.NET
		Release|Any CPU = Release|Any CPU
		Release|Mixed Platforms = Release|Mixed Platforms
	EndGlobalSection
	GlobalSection(ProjectConfigurationPlatforms) = postSolution
		{CA0690E6-243A-48E5-8EB2-F7A2EBD6DA85}.Debug|.NET.ActiveCfg = Debug|Any CPU
		{CA0690E6-243A-48E5-8EB2-F7A2EBD6DA85}.Debug|Any CPU.ActiveCfg = Debug|Any CPU
		{CA0690E6-243A-48E5-8EB2-F7A2EBD6DA85}.Debug|Any CPU.Build.0 = Debug|Any CPU
		{CA0690E6-243A-48E5-8EB2-F7A2EBD6DA85}.Debug|Mixed Platforms.ActiveCfg = Debug|Any CPU
		{CA0690E6-243A-48E5-8EB2-F7A2EBD6DA85}.Debug|Mixed Platforms.Build.0 = Debug|Any CPU
		{CA0690E6-243A-48E5-8EB2-F7A2EBD6DA85}.Demo|.NET.ActiveCfg = Debug|Any CPU
		{CA0690E6-243A-48E5-8EB2-F7A2EBD6DA85}.Demo|Any CPU.ActiveCfg = Debug|Any CPU
		{CA0690E6-243A-48E5-8EB2-F7A2EBD6DA85}.Demo|Any CPU.Build.0 = Debug|Any CPU
		{CA0690E6-243A-48E5-8EB2-F7A2EBD6DA85}.Demo|Mixed Platforms.ActiveCfg = Debug|Any CPU
		{CA0690E6-243A-48E5-8EB2-F7A2EBD6DA85}.Demo|Mixed Platforms.Build.0 = Debug|Any CPU
		{CA0690E6-243A-48E5-8EB2-F7A2EBD6DA85}.Release|.NET.ActiveCfg = Release|Any CPU
		{CA0690E6-243A-48E5-8EB2-F7A2EBD6DA85}.Release|Any CPU.ActiveCfg = Release|Any CPU
		{CA0690E6-243A-48E5-8EB2-F7A2EBD6DA85}.Release|Any CPU.Build.0 = Release|Any CPU
		{CA0690E6-243A-48E5-8EB2-F7A2EBD6DA85}.Release|Mixed Platforms.ActiveCfg = Release|Any CPU
		{CA0690E6-243A-48E5-8EB2-F7A2EBD6DA85}.Release|Mixed Platforms.Build.0 = Release|Any CPU
		{A3C377D5-7C63-4CE1-B1CB-1DE65C8DE9A4}.Debug|.NET.ActiveCfg = Debug|Any CPU
		{A3C377D5-7C63-4CE1-B1CB-1DE65C8DE9A4}.Debug|Any CPU.ActiveCfg = Debug|Any CPU
		{A3C377D5-7C63-4CE1-B1CB-1DE65C8DE9A4}.Debug|Any CPU.Build.0 = Debug|Any CPU
		{A3C377D5-7C63-4CE1-B1CB-1DE65C8DE9A4}.Debug|Mixed Platforms.ActiveCfg = Debug|Any CPU
		{A3C377D5-7C63-4CE1-B1CB-1DE65C8DE9A4}.Debug|Mixed Platforms.Build.0 = Debug|Any CPU
		{A3C377D5-7C63-4CE1-B1CB-1DE65C8DE9A4}.Demo|.NET.ActiveCfg = Debug|Any CPU
		{A3C377D5-7C63-4CE1-B1CB-1DE65C8DE9A4}.Demo|Any CPU.ActiveCfg = Debug|Any CPU
		{A3C377D5-7C63-4CE1-B1CB-1DE65C8DE9A4}.Demo|Any CPU.Build.0 = Debug|Any CPU
		{A3C377D5-7C63-4CE1-B1CB-1DE65C8DE9A4}.Demo|Mixed Platforms.ActiveCfg = Debug|Any CPU
		{A3C377D5-7C63-4CE1-B1CB-1DE65C8DE9A4}.Demo|Mixed Platforms.Build.0 = Debug|Any CPU
		{A3C377D5-7C63-4CE1-B1CB-1DE65C8DE9A4}.Release|.NET.ActiveCfg = Release|Any CPU
		{A3C377D5-7C63-4CE1-B1CB-1DE65C8DE9A4}.Release|Any CPU.ActiveCfg = Release|Any CPU
		{A3C377D5-7C63-4CE1-B1CB-1DE65C8DE9A4}.Release|Any CPU.Build.0 = Release|Any CPU
		{A3C377D5-7C63-4CE1-B1CB-1DE65C8DE9A4}.Release|Mixed Platforms.ActiveCfg = Release|Any CPU
		{A3C377D5-7C63-4CE1-B1CB-1DE65C8DE9A4}.Release|Mixed Platforms.Build.0 = Release|Any CPU
		{DCF2DB26-865A-4C4F-954C-83AD30A34419}.Debug|.NET.ActiveCfg = Debug|Any CPU
		{DCF2DB26-865A-4C4F-954C-83AD30A34419}.Debug|Any CPU.ActiveCfg = Debug|Any CPU
		{DCF2DB26-865A-4C4F-954C-83AD30A34419}.Debug|Any CPU.Build.0 = Debug|Any CPU
		{DCF2DB26-865A-4C4F-954C-83AD30A34419}.Debug|Mixed Platforms.ActiveCfg = Debug|Any CPU
		{DCF2DB26-865A-4C4F-954C-83AD30A34419}.Debug|Mixed Platforms.Build.0 = Debug|Any CPU
		{DCF2DB26-865A-4C4F-954C-83AD30A34419}.Demo|.NET.ActiveCfg = Debug|Any CPU
		{DCF2DB26-865A-4C4F-954C-83AD30A34419}.Demo|Any CPU.ActiveCfg = Debug|Any CPU
		{DCF2DB26-865A-4C4F-954C-83AD30A34419}.Demo|Any CPU.Build.0 = Debug|Any CPU
		{DCF2DB26-865A-4C4F-954C-83AD30A34419}.Demo|Mixed Platforms.ActiveCfg = Debug|Any CPU
		{DCF2DB26-865A-4C4F-954C-83AD30A34419}.Demo|Mixed Platforms.Build.0 = Debug|Any CPU
		{DCF2DB26-865A-4C4F-954C-83AD30A34419}.Release|.NET.ActiveCfg = Release|Any CPU
		{DCF2DB26-865A-4C4F-954C-83AD30A34419}.Release|Any CPU.ActiveCfg = Release|Any CPU
		{DCF2DB26-865A-4C4F-954C-83AD30A34419}.Release|Any CPU.Build.0 = Release|Any CPU
		{DCF2DB26-865A-4C4F-954C-83AD30A34419}.Release|Mixed Platforms.ActiveCfg = Release|Any CPU
		{DCF2DB26-865A-4C4F-954C-83AD30A34419}.Release|Mixed Platforms.Build.0 = Release|Any CPU
		{1AD5ECF0-B154-4969-AB5F-7DACDCE52090}.Debug|.NET.ActiveCfg = Debug|Any CPU
		{1AD5ECF0-B154-4969-AB5F-7DACDCE52090}.Debug|Any CPU.ActiveCfg = Debug|Any CPU
		{1AD5ECF0-B154-4969-AB5F-7DACDCE52090}.Debug|Any CPU.Build.0 = Debug|Any CPU
		{1AD5ECF0-B154-4969-AB5F-7DACDCE52090}.Debug|Mixed Platforms.ActiveCfg = Debug|Any CPU
		{1AD5ECF0-B154-4969-AB5F-7DACDCE52090}.Debug|Mixed Platforms.Build.0 = Debug|Any CPU
		{1AD5ECF0-B154-4969-AB5F-7DACDCE52090}.Demo|.NET.ActiveCfg = Debug|Any CPU
		{1AD5ECF0-B154-4969-AB5F-7DACDCE52090}.Demo|Any CPU.ActiveCfg = Debug|Any CPU
		{1AD5ECF0-B154-4969-AB5F-7DACDCE52090}.Demo|Any CPU.Build.0 = Debug|Any CPU
		{1AD5ECF0-B154-4969-AB5F-7DACDCE52090}.Demo|Mixed Platforms.ActiveCfg = Debug|Any CPU
		{1AD5ECF0-B154-4969-AB5F-7DACDCE52090}.Demo|Mixed Platforms.Build.0 = Debug|Any CPU
		{1AD5ECF0-B154-4969-AB5F-7DACDCE52090}.Release|.NET.ActiveCfg = Release|Any CPU
		{1AD5ECF0-B154-4969-AB5F-7DACDCE52090}.Release|Any CPU.ActiveCfg = Release|Any CPU
		{1AD5ECF0-B154-4969-AB5F-7DACDCE52090}.Release|Any CPU.Build.0 = Release|Any CPU
		{1AD5ECF0-B154-4969-AB5F-7DACDCE52090}.Release|Mixed Platforms.ActiveCfg = Release|Any CPU
		{1AD5ECF0-B154-4969-AB5F-7DACDCE52090}.Release|Mixed Platforms.Build.0 = Release|Any CPU
		{C0409ADC-240F-4AE2-8A75-D404C28A9806}.Debug|.NET.ActiveCfg = Debug|Any CPU
		{C0409ADC-240F-4AE2-8A75-D404C28A9806}.Debug|Any CPU.ActiveCfg = Debug|Any CPU
		{C0409ADC-240F-4AE2-8A75-D404C28A9806}.Debug|Any CPU.Build.0 = Debug|Any CPU
		{C0409ADC-240F-4AE2-8A75-D404C28A9806}.Debug|Mixed Platforms.ActiveCfg = Debug|Any CPU
		{C0409ADC-240F-4AE2-8A75-D404C28A9806}.Debug|Mixed Platforms.Build.0 = Debug|Any CPU
		{C0409ADC-240F-4AE2-8A75-D404C28A9806}.Demo|.NET.ActiveCfg = Debug|Any CPU
		{C0409ADC-240F-4AE2-8A75-D404C28A9806}.Demo|Any CPU.ActiveCfg = Debug|Any CPU
		{C0409ADC-240F-4AE2-8A75-D404C28A9806}.Demo|Any CPU.Build.0 = Debug|Any CPU
		{C0409ADC-240F-4AE2-8A75-D404C28A9806}.Demo|Mixed Platforms.ActiveCfg = Debug|Any CPU
		{C0409ADC-240F-4AE2-8A75-D404C28A9806}.Demo|Mixed Platforms.Build.0 = Debug|Any CPU
		{C0409ADC-240F-4AE2-8A75-D404C28A9806}.Release|.NET.ActiveCfg = Release|Any CPU
		{C0409ADC-240F-4AE2-8A75-D404C28A9806}.Release|Any CPU.ActiveCfg = Release|Any CPU
		{C0409ADC-240F-4AE2-8A75-D404C28A9806}.Release|Any CPU.Build.0 = Release|Any CPU
		{C0409ADC-240F-4AE2-8A75-D404C28A9806}.Release|Mixed Platforms.ActiveCfg = Release|Any CPU
		{C0409ADC-240F-4AE2-8A75-D404C28A9806}.Release|Mixed Platforms.Build.0 = Release|Any CPU
		{69127936-AE54-469F-8984-C9C357C2078C}.Debug|.NET.ActiveCfg = Debug|Any CPU
		{69127936-AE54-469F-8984-C9C357C2078C}.Debug|Any CPU.ActiveCfg = Debug|Any CPU
		{69127936-AE54-469F-8984-C9C357C2078C}.Debug|Any CPU.Build.0 = Debug|Any CPU
		{69127936-AE54-469F-8984-C9C357C2078C}.Debug|Mixed Platforms.ActiveCfg = Debug|Any CPU
		{69127936-AE54-469F-8984-C9C357C2078C}.Debug|Mixed Platforms.Build.0 = Debug|Any CPU
		{69127936-AE54-469F-8984-C9C357C2078C}.Demo|.NET.ActiveCfg = Debug|Any CPU
		{69127936-AE54-469F-8984-C9C357C2078C}.Demo|Any CPU.ActiveCfg = Debug|Any CPU
		{69127936-AE54-469F-8984-C9C357C2078C}.Demo|Any CPU.Build.0 = Debug|Any CPU
		{69127936-AE54-469F-8984-C9C357C2078C}.Demo|Mixed Platforms.ActiveCfg = Debug|Any CPU
		{69127936-AE54-469F-8984-C9C357C2078C}.Demo|Mixed Platforms.Build.0 = Debug|Any CPU
		{69127936-AE54-469F-8984-C9C357C2078C}.Release|.NET.ActiveCfg = Release|Any CPU
		{69127936-AE54-469F-8984-C9C357C2078C}.Release|Any CPU.ActiveCfg = Release|Any CPU
		{69127936-AE54-469F-8984-C9C357C2078C}.Release|Any CPU.Build.0 = Release|Any CPU
		{69127936-AE54-469F-8984-C9C357C2078C}.Release|Mixed Platforms.ActiveCfg = Release|Any CPU
		{69127936-AE54-469F-8984-C9C357C2078C}.Release|Mixed Platforms.Build.0 = Release|Any CPU
		{F8A301AC-3B91-4058-8AA5-B7DAB275201B}.Debug|.NET.ActiveCfg = Debug|Any CPU
		{F8A301AC-3B91-4058-8AA5-B7DAB275201B}.Debug|Any CPU.ActiveCfg = Debug|Any CPU
		{F8A301AC-3B91-4058-8AA5-B7DAB275201B}.Debug|Any CPU.Build.0 = Debug|Any CPU
		{F8A301AC-3B91-4058-8AA5-B7DAB275201B}.Debug|Mixed Platforms.ActiveCfg = Debug|Any CPU
		{F8A301AC-3B91-4058-8AA5-B7DAB275201B}.Debug|Mixed Platforms.Build.0 = Debug|Any CPU
		{F8A301AC-3B91-4058-8AA5-B7DAB275201B}.Demo|.NET.ActiveCfg = Debug|Any CPU
		{F8A301AC-3B91-4058-8AA5-B7DAB275201B}.Demo|Any CPU.ActiveCfg = Debug|Any CPU
		{F8A301AC-3B91-4058-8AA5-B7DAB275201B}.Demo|Any CPU.Build.0 = Debug|Any CPU
		{F8A301AC-3B91-4058-8AA5-B7DAB275201B}.Demo|Mixed Platforms.ActiveCfg = Debug|Any CPU
		{F8A301AC-3B91-4058-8AA5-B7DAB275201B}.Demo|Mixed Platforms.Build.0 = Debug|Any CPU
		{F8A301AC-3B91-4058-8AA5-B7DAB275201B}.Release|.NET.ActiveCfg = Release|Any CPU
		{F8A301AC-3B91-4058-8AA5-B7DAB275201B}.Release|Any CPU.ActiveCfg = Release|Any CPU
		{F8A301AC-3B91-4058-8AA5-B7DAB275201B}.Release|Any CPU.Build.0 = Release|Any CPU
		{F8A301AC-3B91-4058-8AA5-B7DAB275201B}.Release|Mixed Platforms.ActiveCfg = Release|Any CPU
		{F8A301AC-3B91-4058-8AA5-B7DAB275201B}.Release|Mixed Platforms.Build.0 = Release|Any CPU
		{27319D05-15F0-4D82-B14F-747D3325D39B}.Debug|.NET.ActiveCfg = Debug|Any CPU
		{27319D05-15F0-4D82-B14F-747D3325D39B}.Debug|Any CPU.ActiveCfg = Debug|Any CPU
		{27319D05-15F0-4D82-B14F-747D3325D39B}.Debug|Any CPU.Build.0 = Debug|Any CPU
		{27319D05-15F0-4D82-B14F-747D3325D39B}.Debug|Mixed Platforms.ActiveCfg = Debug|Any CPU
		{27319D05-15F0-4D82-B14F-747D3325D39B}.Debug|Mixed Platforms.Build.0 = Debug|Any CPU
		{27319D05-15F0-4D82-B14F-747D3325D39B}.Demo|.NET.ActiveCfg = Debug|Any CPU
		{27319D05-15F0-4D82-B14F-747D3325D39B}.Demo|Any CPU.ActiveCfg = Debug|Any CPU
		{27319D05-15F0-4D82-B14F-747D3325D39B}.Demo|Any CPU.Build.0 = Debug|Any CPU
		{27319D05-15F0-4D82-B14F-747D3325D39B}.Demo|Mixed Platforms.ActiveCfg = Debug|Any CPU
		{27319D05-15F0-4D82-B14F-747D3325D39B}.Demo|Mixed Platforms.Build.0 = Debug|Any CPU
		{27319D05-15F0-4D82-B14F-747D3325D39B}.Release|.NET.ActiveCfg = Release|Any CPU
		{27319D05-15F0-4D82-B14F-747D3325D39B}.Release|Any CPU.ActiveCfg = Release|Any CPU
		{27319D05-15F0-4D82-B14F-747D3325D39B}.Release|Any CPU.Build.0 = Release|Any CPU
		{27319D05-15F0-4D82-B14F-747D3325D39B}.Release|Mixed Platforms.ActiveCfg = Release|Any CPU
		{27319D05-15F0-4D82-B14F-747D3325D39B}.Release|Mixed Platforms.Build.0 = Release|Any CPU
		{ACEB5ED4-23F8-4C96-8885-0976B60EAB3B}.Debug|.NET.ActiveCfg = Debug|Any CPU
		{ACEB5ED4-23F8-4C96-8885-0976B60EAB3B}.Debug|Any CPU.ActiveCfg = Debug|Any CPU
		{ACEB5ED4-23F8-4C96-8885-0976B60EAB3B}.Debug|Any CPU.Build.0 = Debug|Any CPU
		{ACEB5ED4-23F8-4C96-8885-0976B60EAB3B}.Debug|Mixed Platforms.ActiveCfg = Debug|Any CPU
		{ACEB5ED4-23F8-4C96-8885-0976B60EAB3B}.Debug|Mixed Platforms.Build.0 = Debug|Any CPU
		{ACEB5ED4-23F8-4C96-8885-0976B60EAB3B}.Demo|.NET.ActiveCfg = Debug|Any CPU
		{ACEB5ED4-23F8-4C96-8885-0976B60EAB3B}.Demo|Any CPU.ActiveCfg = Debug|Any CPU
		{ACEB5ED4-23F8-4C96-8885-0976B60EAB3B}.Demo|Any CPU.Build.0 = Debug|Any CPU
		{ACEB5ED4-23F8-4C96-8885-0976B60EAB3B}.Demo|Mixed Platforms.ActiveCfg = Debug|Any CPU
		{ACEB5ED4-23F8-4C96-8885-0976B60EAB3B}.Demo|Mixed Platforms.Build.0 = Debug|Any CPU
		{ACEB5ED4-23F8-4C96-8885-0976B60EAB3B}.Release|.NET.ActiveCfg = Release|Any CPU
		{ACEB5ED4-23F8-4C96-8885-0976B60EAB3B}.Release|Any CPU.ActiveCfg = Release|Any CPU
		{ACEB5ED4-23F8-4C96-8885-0976B60EAB3B}.Release|Any CPU.Build.0 = Release|Any CPU
		{ACEB5ED4-23F8-4C96-8885-0976B60EAB3B}.Release|Mixed Platforms.ActiveCfg = Release|Any CPU
		{ACEB5ED4-23F8-4C96-8885-0976B60EAB3B}.Release|Mixed Platforms.Build.0 = Release|Any CPU
		{0F0DF6B5-8F63-4BFD-8F95-52D107781355}.Debug|.NET.ActiveCfg = Debug|Any CPU
		{0F0DF6B5-8F63-4BFD-8F95-52D107781355}.Debug|Any CPU.ActiveCfg = Debug|Any CPU
		{0F0DF6B5-8F63-4BFD-8F95-52D107781355}.Debug|Any CPU.Build.0 = Debug|Any CPU
		{0F0DF6B5-8F63-4BFD-8F95-52D107781355}.Debug|Mixed Platforms.ActiveCfg = Debug|Any CPU
		{0F0DF6B5-8F63-4BFD-8F95-52D107781355}.Debug|Mixed Platforms.Build.0 = Debug|Any CPU
		{0F0DF6B5-8F63-4BFD-8F95-52D107781355}.Demo|.NET.ActiveCfg = Debug|Any CPU
		{0F0DF6B5-8F63-4BFD-8F95-52D107781355}.Demo|Any CPU.ActiveCfg = Debug|Any CPU
		{0F0DF6B5-8F63-4BFD-8F95-52D107781355}.Demo|Any CPU.Build.0 = Debug|Any CPU
		{0F0DF6B5-8F63-4BFD-8F95-52D107781355}.Demo|Mixed Platforms.ActiveCfg = Debug|Any CPU
		{0F0DF6B5-8F63-4BFD-8F95-52D107781355}.Demo|Mixed Platforms.Build.0 = Debug|Any CPU
		{0F0DF6B5-8F63-4BFD-8F95-52D107781355}.Release|.NET.ActiveCfg = Release|Any CPU
		{0F0DF6B5-8F63-4BFD-8F95-52D107781355}.Release|Any CPU.ActiveCfg = Release|Any CPU
		{0F0DF6B5-8F63-4BFD-8F95-52D107781355}.Release|Any CPU.Build.0 = Release|Any CPU
		{0F0DF6B5-8F63-4BFD-8F95-52D107781355}.Release|Mixed Platforms.ActiveCfg = Release|Any CPU
		{0F0DF6B5-8F63-4BFD-8F95-52D107781355}.Release|Mixed Platforms.Build.0 = Release|Any CPU
		{2C08368C-AA62-48E3-A0D0-79517ECDEB4F}.Debug|.NET.ActiveCfg = Debug|Any CPU
		{2C08368C-AA62-48E3-A0D0-79517ECDEB4F}.Debug|Any CPU.ActiveCfg = Debug|Any CPU
		{2C08368C-AA62-48E3-A0D0-79517ECDEB4F}.Debug|Any CPU.Build.0 = Debug|Any CPU
		{2C08368C-AA62-48E3-A0D0-79517ECDEB4F}.Debug|Mixed Platforms.ActiveCfg = Debug|Any CPU
		{2C08368C-AA62-48E3-A0D0-79517ECDEB4F}.Debug|Mixed Platforms.Build.0 = Debug|Any CPU
		{2C08368C-AA62-48E3-A0D0-79517ECDEB4F}.Demo|.NET.ActiveCfg = Debug|Any CPU
		{2C08368C-AA62-48E3-A0D0-79517ECDEB4F}.Demo|Any CPU.ActiveCfg = Debug|Any CPU
		{2C08368C-AA62-48E3-A0D0-79517ECDEB4F}.Demo|Any CPU.Build.0 = Debug|Any CPU
		{2C08368C-AA62-48E3-A0D0-79517ECDEB4F}.Demo|Mixed Platforms.ActiveCfg = Debug|Any CPU
		{2C08368C-AA62-48E3-A0D0-79517ECDEB4F}.Demo|Mixed Platforms.Build.0 = Debug|Any CPU
		{2C08368C-AA62-48E3-A0D0-79517ECDEB4F}.Release|.NET.ActiveCfg = Release|Any CPU
		{2C08368C-AA62-48E3-A0D0-79517ECDEB4F}.Release|Any CPU.ActiveCfg = Release|Any CPU
		{2C08368C-AA62-48E3-A0D0-79517ECDEB4F}.Release|Any CPU.Build.0 = Release|Any CPU
		{2C08368C-AA62-48E3-A0D0-79517ECDEB4F}.Release|Mixed Platforms.ActiveCfg = Release|Any CPU
		{2C08368C-AA62-48E3-A0D0-79517ECDEB4F}.Release|Mixed Platforms.Build.0 = Release|Any CPU
		{A0AFF4D2-4694-4C92-B271-97136B8F7BD6}.Debug|.NET.ActiveCfg = Debug|Any CPU
		{A0AFF4D2-4694-4C92-B271-97136B8F7BD6}.Debug|Any CPU.ActiveCfg = Debug|Any CPU
		{A0AFF4D2-4694-4C92-B271-97136B8F7BD6}.Debug|Any CPU.Build.0 = Debug|Any CPU
		{A0AFF4D2-4694-4C92-B271-97136B8F7BD6}.Debug|Mixed Platforms.ActiveCfg = Debug|Any CPU
		{A0AFF4D2-4694-4C92-B271-97136B8F7BD6}.Debug|Mixed Platforms.Build.0 = Debug|Any CPU
		{A0AFF4D2-4694-4C92-B271-97136B8F7BD6}.Demo|.NET.ActiveCfg = Debug|Any CPU
		{A0AFF4D2-4694-4C92-B271-97136B8F7BD6}.Demo|Any CPU.ActiveCfg = Debug|Any CPU
		{A0AFF4D2-4694-4C92-B271-97136B8F7BD6}.Demo|Any CPU.Build.0 = Debug|Any CPU
		{A0AFF4D2-4694-4C92-B271-97136B8F7BD6}.Demo|Mixed Platforms.ActiveCfg = Debug|Any CPU
		{A0AFF4D2-4694-4C92-B271-97136B8F7BD6}.Demo|Mixed Platforms.Build.0 = Debug|Any CPU
		{A0AFF4D2-4694-4C92-B271-97136B8F7BD6}.Release|.NET.ActiveCfg = Release|Any CPU
		{A0AFF4D2-4694-4C92-B271-97136B8F7BD6}.Release|Any CPU.ActiveCfg = Release|Any CPU
		{A0AFF4D2-4694-4C92-B271-97136B8F7BD6}.Release|Any CPU.Build.0 = Release|Any CPU
		{A0AFF4D2-4694-4C92-B271-97136B8F7BD6}.Release|Mixed Platforms.ActiveCfg = Release|Any CPU
		{A0AFF4D2-4694-4C92-B271-97136B8F7BD6}.Release|Mixed Platforms.Build.0 = Release|Any CPU
		{2280AF39-D6E9-4D85-8FA5-BB6776A3EEBA}.Debug|.NET.ActiveCfg = Debug|Any CPU
		{2280AF39-D6E9-4D85-8FA5-BB6776A3EEBA}.Debug|Any CPU.ActiveCfg = Debug|Any CPU
		{2280AF39-D6E9-4D85-8FA5-BB6776A3EEBA}.Debug|Any CPU.Build.0 = Debug|Any CPU
		{2280AF39-D6E9-4D85-8FA5-BB6776A3EEBA}.Debug|Mixed Platforms.ActiveCfg = Debug|Any CPU
		{2280AF39-D6E9-4D85-8FA5-BB6776A3EEBA}.Debug|Mixed Platforms.Build.0 = Debug|Any CPU
		{2280AF39-D6E9-4D85-8FA5-BB6776A3EEBA}.Demo|.NET.ActiveCfg = Debug|Any CPU
		{2280AF39-D6E9-4D85-8FA5-BB6776A3EEBA}.Demo|Any CPU.ActiveCfg = Debug|Any CPU
		{2280AF39-D6E9-4D85-8FA5-BB6776A3EEBA}.Demo|Any CPU.Build.0 = Debug|Any CPU
		{2280AF39-D6E9-4D85-8FA5-BB6776A3EEBA}.Demo|Mixed Platforms.ActiveCfg = Debug|Any CPU
		{2280AF39-D6E9-4D85-8FA5-BB6776A3EEBA}.Demo|Mixed Platforms.Build.0 = Debug|Any CPU
		{2280AF39-D6E9-4D85-8FA5-BB6776A3EEBA}.Release|.NET.ActiveCfg = Release|Any CPU
		{2280AF39-D6E9-4D85-8FA5-BB6776A3EEBA}.Release|Any CPU.ActiveCfg = Release|Any CPU
		{2280AF39-D6E9-4D85-8FA5-BB6776A3EEBA}.Release|Any CPU.Build.0 = Release|Any CPU
		{2280AF39-D6E9-4D85-8FA5-BB6776A3EEBA}.Release|Mixed Platforms.ActiveCfg = Release|Any CPU
		{2280AF39-D6E9-4D85-8FA5-BB6776A3EEBA}.Release|Mixed Platforms.Build.0 = Release|Any CPU
		{C994BF78-DBF8-4C68-A1B1-73778B711365}.Debug|.NET.ActiveCfg = Debug|Any CPU
		{C994BF78-DBF8-4C68-A1B1-73778B711365}.Debug|Any CPU.ActiveCfg = Debug|Any CPU
		{C994BF78-DBF8-4C68-A1B1-73778B711365}.Debug|Any CPU.Build.0 = Debug|Any CPU
		{C994BF78-DBF8-4C68-A1B1-73778B711365}.Debug|Mixed Platforms.ActiveCfg = Debug|Any CPU
		{C994BF78-DBF8-4C68-A1B1-73778B711365}.Debug|Mixed Platforms.Build.0 = Debug|Any CPU
		{C994BF78-DBF8-4C68-A1B1-73778B711365}.Demo|.NET.ActiveCfg = Debug|Any CPU
		{C994BF78-DBF8-4C68-A1B1-73778B711365}.Demo|Any CPU.ActiveCfg = Debug|Any CPU
		{C994BF78-DBF8-4C68-A1B1-73778B711365}.Demo|Any CPU.Build.0 = Debug|Any CPU
		{C994BF78-DBF8-4C68-A1B1-73778B711365}.Demo|Mixed Platforms.ActiveCfg = Debug|Any CPU
		{C994BF78-DBF8-4C68-A1B1-73778B711365}.Demo|Mixed Platforms.Build.0 = Debug|Any CPU
		{C994BF78-DBF8-4C68-A1B1-73778B711365}.Release|.NET.ActiveCfg = Release|Any CPU
		{C994BF78-DBF8-4C68-A1B1-73778B711365}.Release|Any CPU.ActiveCfg = Release|Any CPU
		{C994BF78-DBF8-4C68-A1B1-73778B711365}.Release|Any CPU.Build.0 = Release|Any CPU
		{C994BF78-DBF8-4C68-A1B1-73778B711365}.Release|Mixed Platforms.ActiveCfg = Release|Any CPU
		{C994BF78-DBF8-4C68-A1B1-73778B711365}.Release|Mixed Platforms.Build.0 = Release|Any CPU
		{5CDA5A79-EC93-4FB3-B937-00A96EF5E3E0}.Debug|.NET.ActiveCfg = Debug|Any CPU
		{5CDA5A79-EC93-4FB3-B937-00A96EF5E3E0}.Debug|Any CPU.ActiveCfg = Debug|Any CPU
		{5CDA5A79-EC93-4FB3-B937-00A96EF5E3E0}.Debug|Any CPU.Build.0 = Debug|Any CPU
		{5CDA5A79-EC93-4FB3-B937-00A96EF5E3E0}.Debug|Mixed Platforms.ActiveCfg = Debug|Any CPU
		{5CDA5A79-EC93-4FB3-B937-00A96EF5E3E0}.Debug|Mixed Platforms.Build.0 = Debug|Any CPU
		{5CDA5A79-EC93-4FB3-B937-00A96EF5E3E0}.Demo|.NET.ActiveCfg = Debug|Any CPU
		{5CDA5A79-EC93-4FB3-B937-00A96EF5E3E0}.Demo|Any CPU.ActiveCfg = Debug|Any CPU
		{5CDA5A79-EC93-4FB3-B937-00A96EF5E3E0}.Demo|Any CPU.Build.0 = Debug|Any CPU
		{5CDA5A79-EC93-4FB3-B937-00A96EF5E3E0}.Demo|Mixed Platforms.ActiveCfg = Debug|Any CPU
		{5CDA5A79-EC93-4FB3-B937-00A96EF5E3E0}.Demo|Mixed Platforms.Build.0 = Debug|Any CPU
		{5CDA5A79-EC93-4FB3-B937-00A96EF5E3E0}.Release|.NET.ActiveCfg = Release|Any CPU
		{5CDA5A79-EC93-4FB3-B937-00A96EF5E3E0}.Release|Any CPU.ActiveCfg = Release|Any CPU
		{5CDA5A79-EC93-4FB3-B937-00A96EF5E3E0}.Release|Any CPU.Build.0 = Release|Any CPU
		{5CDA5A79-EC93-4FB3-B937-00A96EF5E3E0}.Release|Mixed Platforms.ActiveCfg = Release|Any CPU
		{5CDA5A79-EC93-4FB3-B937-00A96EF5E3E0}.Release|Mixed Platforms.Build.0 = Release|Any CPU
		{1D9D637D-B0C9-465B-8955-1FA112FD46D1}.Debug|.NET.ActiveCfg = Debug|Any CPU
		{1D9D637D-B0C9-465B-8955-1FA112FD46D1}.Debug|Any CPU.ActiveCfg = Debug|Any CPU
		{1D9D637D-B0C9-465B-8955-1FA112FD46D1}.Debug|Any CPU.Build.0 = Debug|Any CPU
		{1D9D637D-B0C9-465B-8955-1FA112FD46D1}.Debug|Mixed Platforms.ActiveCfg = Debug|Any CPU
		{1D9D637D-B0C9-465B-8955-1FA112FD46D1}.Debug|Mixed Platforms.Build.0 = Debug|Any CPU
		{1D9D637D-B0C9-465B-8955-1FA112FD46D1}.Demo|.NET.ActiveCfg = Debug|Any CPU
		{1D9D637D-B0C9-465B-8955-1FA112FD46D1}.Demo|Any CPU.ActiveCfg = Debug|Any CPU
		{1D9D637D-B0C9-465B-8955-1FA112FD46D1}.Demo|Any CPU.Build.0 = Debug|Any CPU
		{1D9D637D-B0C9-465B-8955-1FA112FD46D1}.Demo|Mixed Platforms.ActiveCfg = Debug|Any CPU
		{1D9D637D-B0C9-465B-8955-1FA112FD46D1}.Demo|Mixed Platforms.Build.0 = Debug|Any CPU
		{1D9D637D-B0C9-465B-8955-1FA112FD46D1}.Release|.NET.ActiveCfg = Release|Any CPU
		{1D9D637D-B0C9-465B-8955-1FA112FD46D1}.Release|Any CPU.ActiveCfg = Release|Any CPU
		{1D9D637D-B0C9-465B-8955-1FA112FD46D1}.Release|Any CPU.Build.0 = Release|Any CPU
		{1D9D637D-B0C9-465B-8955-1FA112FD46D1}.Release|Mixed Platforms.ActiveCfg = Release|Any CPU
		{1D9D637D-B0C9-465B-8955-1FA112FD46D1}.Release|Mixed Platforms.Build.0 = Release|Any CPU
		{003B884E-62F8-46CC-AB86-46A08138AAC4}.Debug|.NET.ActiveCfg = Debug|Any CPU
		{003B884E-62F8-46CC-AB86-46A08138AAC4}.Debug|Any CPU.ActiveCfg = Debug|Any CPU
		{003B884E-62F8-46CC-AB86-46A08138AAC4}.Debug|Any CPU.Build.0 = Debug|Any CPU
		{003B884E-62F8-46CC-AB86-46A08138AAC4}.Debug|Mixed Platforms.ActiveCfg = Debug|Any CPU
		{003B884E-62F8-46CC-AB86-46A08138AAC4}.Debug|Mixed Platforms.Build.0 = Debug|Any CPU
		{003B884E-62F8-46CC-AB86-46A08138AAC4}.Demo|.NET.ActiveCfg = Debug|Any CPU
		{003B884E-62F8-46CC-AB86-46A08138AAC4}.Demo|Any CPU.ActiveCfg = Debug|Any CPU
		{003B884E-62F8-46CC-AB86-46A08138AAC4}.Demo|Any CPU.Build.0 = Debug|Any CPU
		{003B884E-62F8-46CC-AB86-46A08138AAC4}.Demo|Mixed Platforms.ActiveCfg = Debug|Any CPU
		{003B884E-62F8-46CC-AB86-46A08138AAC4}.Demo|Mixed Platforms.Build.0 = Debug|Any CPU
		{003B884E-62F8-46CC-AB86-46A08138AAC4}.Release|.NET.ActiveCfg = Release|Any CPU
		{003B884E-62F8-46CC-AB86-46A08138AAC4}.Release|Any CPU.ActiveCfg = Release|Any CPU
		{003B884E-62F8-46CC-AB86-46A08138AAC4}.Release|Any CPU.Build.0 = Release|Any CPU
		{003B884E-62F8-46CC-AB86-46A08138AAC4}.Release|Mixed Platforms.ActiveCfg = Release|Any CPU
		{003B884E-62F8-46CC-AB86-46A08138AAC4}.Release|Mixed Platforms.Build.0 = Release|Any CPU
		{DBB47693-BB3D-4E74-BED6-BA60FFC816FD}.Debug|.NET.ActiveCfg = Debug|Any CPU
		{DBB47693-BB3D-4E74-BED6-BA60FFC816FD}.Debug|Any CPU.ActiveCfg = Debug|Any CPU
		{DBB47693-BB3D-4E74-BED6-BA60FFC816FD}.Debug|Any CPU.Build.0 = Debug|Any CPU
		{DBB47693-BB3D-4E74-BED6-BA60FFC816FD}.Debug|Mixed Platforms.ActiveCfg = Debug|Any CPU
		{DBB47693-BB3D-4E74-BED6-BA60FFC816FD}.Debug|Mixed Platforms.Build.0 = Debug|Any CPU
		{DBB47693-BB3D-4E74-BED6-BA60FFC816FD}.Demo|.NET.ActiveCfg = Debug|Any CPU
		{DBB47693-BB3D-4E74-BED6-BA60FFC816FD}.Demo|Any CPU.ActiveCfg = Debug|Any CPU
		{DBB47693-BB3D-4E74-BED6-BA60FFC816FD}.Demo|Any CPU.Build.0 = Debug|Any CPU
		{DBB47693-BB3D-4E74-BED6-BA60FFC816FD}.Demo|Mixed Platforms.ActiveCfg = Debug|Any CPU
		{DBB47693-BB3D-4E74-BED6-BA60FFC816FD}.Demo|Mixed Platforms.Build.0 = Debug|Any CPU
		{DBB47693-BB3D-4E74-BED6-BA60FFC816FD}.Release|.NET.ActiveCfg = Release|Any CPU
		{DBB47693-BB3D-4E74-BED6-BA60FFC816FD}.Release|Any CPU.ActiveCfg = Release|Any CPU
		{DBB47693-BB3D-4E74-BED6-BA60FFC816FD}.Release|Any CPU.Build.0 = Release|Any CPU
		{DBB47693-BB3D-4E74-BED6-BA60FFC816FD}.Release|Mixed Platforms.ActiveCfg = Release|Any CPU
		{DBB47693-BB3D-4E74-BED6-BA60FFC816FD}.Release|Mixed Platforms.Build.0 = Release|Any CPU
		{E146CDF9-3BB7-4C3C-93EC-659E11C79AE3}.Debug|.NET.ActiveCfg = Debug|Any CPU
		{E146CDF9-3BB7-4C3C-93EC-659E11C79AE3}.Debug|Any CPU.ActiveCfg = Debug|Any CPU
		{E146CDF9-3BB7-4C3C-93EC-659E11C79AE3}.Debug|Any CPU.Build.0 = Debug|Any CPU
		{E146CDF9-3BB7-4C3C-93EC-659E11C79AE3}.Debug|Mixed Platforms.ActiveCfg = Debug|Any CPU
		{E146CDF9-3BB7-4C3C-93EC-659E11C79AE3}.Debug|Mixed Platforms.Build.0 = Debug|Any CPU
		{E146CDF9-3BB7-4C3C-93EC-659E11C79AE3}.Demo|.NET.ActiveCfg = Debug|Any CPU
		{E146CDF9-3BB7-4C3C-93EC-659E11C79AE3}.Demo|Any CPU.ActiveCfg = Debug|Any CPU
		{E146CDF9-3BB7-4C3C-93EC-659E11C79AE3}.Demo|Any CPU.Build.0 = Debug|Any CPU
		{E146CDF9-3BB7-4C3C-93EC-659E11C79AE3}.Demo|Mixed Platforms.ActiveCfg = Debug|Any CPU
		{E146CDF9-3BB7-4C3C-93EC-659E11C79AE3}.Demo|Mixed Platforms.Build.0 = Debug|Any CPU
		{E146CDF9-3BB7-4C3C-93EC-659E11C79AE3}.Release|.NET.ActiveCfg = Release|Any CPU
		{E146CDF9-3BB7-4C3C-93EC-659E11C79AE3}.Release|Any CPU.ActiveCfg = Release|Any CPU
		{E146CDF9-3BB7-4C3C-93EC-659E11C79AE3}.Release|Any CPU.Build.0 = Release|Any CPU
		{E146CDF9-3BB7-4C3C-93EC-659E11C79AE3}.Release|Mixed Platforms.ActiveCfg = Release|Any CPU
		{E146CDF9-3BB7-4C3C-93EC-659E11C79AE3}.Release|Mixed Platforms.Build.0 = Release|Any CPU
		{36176790-E62D-43BD-86AC-CF44DC2EF041}.Debug|.NET.ActiveCfg = Debug|Any CPU
		{36176790-E62D-43BD-86AC-CF44DC2EF041}.Debug|Any CPU.ActiveCfg = Debug|Any CPU
		{36176790-E62D-43BD-86AC-CF44DC2EF041}.Debug|Any CPU.Build.0 = Debug|Any CPU
		{36176790-E62D-43BD-86AC-CF44DC2EF041}.Debug|Mixed Platforms.ActiveCfg = Debug|Any CPU
		{36176790-E62D-43BD-86AC-CF44DC2EF041}.Debug|Mixed Platforms.Build.0 = Debug|Any CPU
		{36176790-E62D-43BD-86AC-CF44DC2EF041}.Demo|.NET.ActiveCfg = Demo|Any CPU
		{36176790-E62D-43BD-86AC-CF44DC2EF041}.Demo|Any CPU.ActiveCfg = Demo|Any CPU
		{36176790-E62D-43BD-86AC-CF44DC2EF041}.Demo|Any CPU.Build.0 = Demo|Any CPU
		{36176790-E62D-43BD-86AC-CF44DC2EF041}.Demo|Mixed Platforms.ActiveCfg = Demo|Any CPU
		{36176790-E62D-43BD-86AC-CF44DC2EF041}.Demo|Mixed Platforms.Build.0 = Demo|Any CPU
		{36176790-E62D-43BD-86AC-CF44DC2EF041}.Release|.NET.ActiveCfg = Release|Any CPU
		{36176790-E62D-43BD-86AC-CF44DC2EF041}.Release|Any CPU.ActiveCfg = Release|Any CPU
		{36176790-E62D-43BD-86AC-CF44DC2EF041}.Release|Any CPU.Build.0 = Release|Any CPU
		{36176790-E62D-43BD-86AC-CF44DC2EF041}.Release|Mixed Platforms.ActiveCfg = Release|Any CPU
		{36176790-E62D-43BD-86AC-CF44DC2EF041}.Release|Mixed Platforms.Build.0 = Release|Any CPU
		{CD403AF2-B4BF-41A6-B5ED-F08B7E51408C}.Debug|.NET.ActiveCfg = Debug|Any CPU
		{CD403AF2-B4BF-41A6-B5ED-F08B7E51408C}.Debug|Any CPU.ActiveCfg = Debug|Any CPU
		{CD403AF2-B4BF-41A6-B5ED-F08B7E51408C}.Debug|Any CPU.Build.0 = Debug|Any CPU
		{CD403AF2-B4BF-41A6-B5ED-F08B7E51408C}.Debug|Mixed Platforms.ActiveCfg = Debug|Any CPU
		{CD403AF2-B4BF-41A6-B5ED-F08B7E51408C}.Debug|Mixed Platforms.Build.0 = Debug|Any CPU
		{CD403AF2-B4BF-41A6-B5ED-F08B7E51408C}.Demo|.NET.ActiveCfg = Debug|Any CPU
		{CD403AF2-B4BF-41A6-B5ED-F08B7E51408C}.Demo|Any CPU.ActiveCfg = Debug|Any CPU
		{CD403AF2-B4BF-41A6-B5ED-F08B7E51408C}.Demo|Any CPU.Build.0 = Debug|Any CPU
		{CD403AF2-B4BF-41A6-B5ED-F08B7E51408C}.Demo|Mixed Platforms.ActiveCfg = Debug|Any CPU
		{CD403AF2-B4BF-41A6-B5ED-F08B7E51408C}.Demo|Mixed Platforms.Build.0 = Debug|Any CPU
		{CD403AF2-B4BF-41A6-B5ED-F08B7E51408C}.Release|.NET.ActiveCfg = Release|Any CPU
		{CD403AF2-B4BF-41A6-B5ED-F08B7E51408C}.Release|Any CPU.ActiveCfg = Release|Any CPU
		{CD403AF2-B4BF-41A6-B5ED-F08B7E51408C}.Release|Any CPU.Build.0 = Release|Any CPU
		{CD403AF2-B4BF-41A6-B5ED-F08B7E51408C}.Release|Mixed Platforms.ActiveCfg = Release|Any CPU
		{CD403AF2-B4BF-41A6-B5ED-F08B7E51408C}.Release|Mixed Platforms.Build.0 = Release|Any CPU
		{15230670-EDC3-4790-B540-FE2EC88B8380}.Debug|.NET.ActiveCfg = Debug|Any CPU
		{15230670-EDC3-4790-B540-FE2EC88B8380}.Debug|Any CPU.ActiveCfg = Debug|Any CPU
		{15230670-EDC3-4790-B540-FE2EC88B8380}.Debug|Any CPU.Build.0 = Debug|Any CPU
		{15230670-EDC3-4790-B540-FE2EC88B8380}.Debug|Mixed Platforms.ActiveCfg = Debug|Any CPU
		{15230670-EDC3-4790-B540-FE2EC88B8380}.Debug|Mixed Platforms.Build.0 = Debug|Any CPU
		{15230670-EDC3-4790-B540-FE2EC88B8380}.Demo|.NET.ActiveCfg = Debug|Any CPU
		{15230670-EDC3-4790-B540-FE2EC88B8380}.Demo|Any CPU.ActiveCfg = Debug|Any CPU
		{15230670-EDC3-4790-B540-FE2EC88B8380}.Demo|Any CPU.Build.0 = Debug|Any CPU
		{15230670-EDC3-4790-B540-FE2EC88B8380}.Demo|Mixed Platforms.ActiveCfg = Debug|Any CPU
		{15230670-EDC3-4790-B540-FE2EC88B8380}.Demo|Mixed Platforms.Build.0 = Debug|Any CPU
		{15230670-EDC3-4790-B540-FE2EC88B8380}.Release|.NET.ActiveCfg = Release|Any CPU
		{15230670-EDC3-4790-B540-FE2EC88B8380}.Release|Any CPU.ActiveCfg = Release|Any CPU
		{15230670-EDC3-4790-B540-FE2EC88B8380}.Release|Any CPU.Build.0 = Release|Any CPU
		{15230670-EDC3-4790-B540-FE2EC88B8380}.Release|Mixed Platforms.ActiveCfg = Release|Any CPU
		{15230670-EDC3-4790-B540-FE2EC88B8380}.Release|Mixed Platforms.Build.0 = Release|Any CPU
		{AEBCF582-86D6-4A63-AB2F-97C2148649EA}.Debug|.NET.ActiveCfg = Debug|Any CPU
		{AEBCF582-86D6-4A63-AB2F-97C2148649EA}.Debug|Any CPU.ActiveCfg = Debug|Any CPU
		{AEBCF582-86D6-4A63-AB2F-97C2148649EA}.Debug|Any CPU.Build.0 = Debug|Any CPU
		{AEBCF582-86D6-4A63-AB2F-97C2148649EA}.Debug|Mixed Platforms.ActiveCfg = Debug|Any CPU
		{AEBCF582-86D6-4A63-AB2F-97C2148649EA}.Debug|Mixed Platforms.Build.0 = Debug|Any CPU
		{AEBCF582-86D6-4A63-AB2F-97C2148649EA}.Demo|.NET.ActiveCfg = Debug|Any CPU
		{AEBCF582-86D6-4A63-AB2F-97C2148649EA}.Demo|Any CPU.ActiveCfg = Debug|Any CPU
		{AEBCF582-86D6-4A63-AB2F-97C2148649EA}.Demo|Any CPU.Build.0 = Debug|Any CPU
		{AEBCF582-86D6-4A63-AB2F-97C2148649EA}.Demo|Mixed Platforms.ActiveCfg = Debug|Any CPU
		{AEBCF582-86D6-4A63-AB2F-97C2148649EA}.Demo|Mixed Platforms.Build.0 = Debug|Any CPU
		{AEBCF582-86D6-4A63-AB2F-97C2148649EA}.Release|.NET.ActiveCfg = Debug|Any CPU
		{AEBCF582-86D6-4A63-AB2F-97C2148649EA}.Release|Any CPU.ActiveCfg = Debug|Any CPU
		{AEBCF582-86D6-4A63-AB2F-97C2148649EA}.Release|Any CPU.Build.0 = Debug|Any CPU
		{AEBCF582-86D6-4A63-AB2F-97C2148649EA}.Release|Mixed Platforms.ActiveCfg = Debug|Any CPU
		{AEBCF582-86D6-4A63-AB2F-97C2148649EA}.Release|Mixed Platforms.Build.0 = Debug|Any CPU
		{B27E7A2F-EB0C-41E2-BABC-C602F18240E8}.Debug|.NET.ActiveCfg = Debug|Any CPU
		{B27E7A2F-EB0C-41E2-BABC-C602F18240E8}.Debug|.NET.Build.0 = Debug|Any CPU
		{B27E7A2F-EB0C-41E2-BABC-C602F18240E8}.Debug|Any CPU.ActiveCfg = Debug|Any CPU
		{B27E7A2F-EB0C-41E2-BABC-C602F18240E8}.Debug|Any CPU.Build.0 = Debug|Any CPU
		{B27E7A2F-EB0C-41E2-BABC-C602F18240E8}.Debug|Mixed Platforms.ActiveCfg = Debug|Any CPU
		{B27E7A2F-EB0C-41E2-BABC-C602F18240E8}.Debug|Mixed Platforms.Build.0 = Debug|Any CPU
		{B27E7A2F-EB0C-41E2-BABC-C602F18240E8}.Demo|.NET.ActiveCfg = Debug|Any CPU
		{B27E7A2F-EB0C-41E2-BABC-C602F18240E8}.Demo|.NET.Build.0 = Debug|Any CPU
		{B27E7A2F-EB0C-41E2-BABC-C602F18240E8}.Demo|Any CPU.ActiveCfg = Debug|Any CPU
		{B27E7A2F-EB0C-41E2-BABC-C602F18240E8}.Demo|Any CPU.Build.0 = Debug|Any CPU
		{B27E7A2F-EB0C-41E2-BABC-C602F18240E8}.Demo|Mixed Platforms.ActiveCfg = Debug|Any CPU
		{B27E7A2F-EB0C-41E2-BABC-C602F18240E8}.Demo|Mixed Platforms.Build.0 = Debug|Any CPU
		{B27E7A2F-EB0C-41E2-BABC-C602F18240E8}.Release|.NET.ActiveCfg = Release|Any CPU
		{B27E7A2F-EB0C-41E2-BABC-C602F18240E8}.Release|.NET.Build.0 = Release|Any CPU
		{B27E7A2F-EB0C-41E2-BABC-C602F18240E8}.Release|Any CPU.ActiveCfg = Release|Any CPU
		{B27E7A2F-EB0C-41E2-BABC-C602F18240E8}.Release|Any CPU.Build.0 = Release|Any CPU
		{B27E7A2F-EB0C-41E2-BABC-C602F18240E8}.Release|Mixed Platforms.ActiveCfg = Release|Any CPU
		{B27E7A2F-EB0C-41E2-BABC-C602F18240E8}.Release|Mixed Platforms.Build.0 = Release|Any CPU
		{F7B2B910-36E2-4D90-8F7A-0237794BF86B}.Debug|.NET.ActiveCfg = Debug|Any CPU
		{F7B2B910-36E2-4D90-8F7A-0237794BF86B}.Debug|.NET.Build.0 = Debug|Any CPU
		{F7B2B910-36E2-4D90-8F7A-0237794BF86B}.Debug|Any CPU.ActiveCfg = Debug|Any CPU
		{F7B2B910-36E2-4D90-8F7A-0237794BF86B}.Debug|Any CPU.Build.0 = Debug|Any CPU
		{F7B2B910-36E2-4D90-8F7A-0237794BF86B}.Debug|Mixed Platforms.ActiveCfg = Debug|Any CPU
		{F7B2B910-36E2-4D90-8F7A-0237794BF86B}.Debug|Mixed Platforms.Build.0 = Debug|Any CPU
		{F7B2B910-36E2-4D90-8F7A-0237794BF86B}.Demo|.NET.ActiveCfg = Debug|Any CPU
		{F7B2B910-36E2-4D90-8F7A-0237794BF86B}.Demo|.NET.Build.0 = Debug|Any CPU
		{F7B2B910-36E2-4D90-8F7A-0237794BF86B}.Demo|Any CPU.ActiveCfg = Debug|Any CPU
		{F7B2B910-36E2-4D90-8F7A-0237794BF86B}.Demo|Any CPU.Build.0 = Debug|Any CPU
		{F7B2B910-36E2-4D90-8F7A-0237794BF86B}.Demo|Mixed Platforms.ActiveCfg = Debug|Any CPU
		{F7B2B910-36E2-4D90-8F7A-0237794BF86B}.Demo|Mixed Platforms.Build.0 = Debug|Any CPU
		{F7B2B910-36E2-4D90-8F7A-0237794BF86B}.Release|.NET.ActiveCfg = Release|Any CPU
		{F7B2B910-36E2-4D90-8F7A-0237794BF86B}.Release|.NET.Build.0 = Release|Any CPU
		{F7B2B910-36E2-4D90-8F7A-0237794BF86B}.Release|Any CPU.ActiveCfg = Release|Any CPU
		{F7B2B910-36E2-4D90-8F7A-0237794BF86B}.Release|Any CPU.Build.0 = Release|Any CPU
		{F7B2B910-36E2-4D90-8F7A-0237794BF86B}.Release|Mixed Platforms.ActiveCfg = Release|Any CPU
		{F7B2B910-36E2-4D90-8F7A-0237794BF86B}.Release|Mixed Platforms.Build.0 = Release|Any CPU
		{C1F827A2-17C7-4C62-81AD-89EAC0E177F8}.Debug|.NET.ActiveCfg = Debug|Any CPU
		{C1F827A2-17C7-4C62-81AD-89EAC0E177F8}.Debug|.NET.Build.0 = Debug|Any CPU
		{C1F827A2-17C7-4C62-81AD-89EAC0E177F8}.Debug|Any CPU.ActiveCfg = Debug|Any CPU
		{C1F827A2-17C7-4C62-81AD-89EAC0E177F8}.Debug|Any CPU.Build.0 = Debug|Any CPU
		{C1F827A2-17C7-4C62-81AD-89EAC0E177F8}.Debug|Mixed Platforms.ActiveCfg = Debug|Any CPU
		{C1F827A2-17C7-4C62-81AD-89EAC0E177F8}.Debug|Mixed Platforms.Build.0 = Debug|Any CPU
		{C1F827A2-17C7-4C62-81AD-89EAC0E177F8}.Demo|.NET.ActiveCfg = Debug|Any CPU
		{C1F827A2-17C7-4C62-81AD-89EAC0E177F8}.Demo|.NET.Build.0 = Debug|Any CPU
		{C1F827A2-17C7-4C62-81AD-89EAC0E177F8}.Demo|Any CPU.ActiveCfg = Debug|Any CPU
		{C1F827A2-17C7-4C62-81AD-89EAC0E177F8}.Demo|Any CPU.Build.0 = Debug|Any CPU
		{C1F827A2-17C7-4C62-81AD-89EAC0E177F8}.Demo|Mixed Platforms.ActiveCfg = Debug|Any CPU
		{C1F827A2-17C7-4C62-81AD-89EAC0E177F8}.Demo|Mixed Platforms.Build.0 = Debug|Any CPU
		{C1F827A2-17C7-4C62-81AD-89EAC0E177F8}.Release|.NET.ActiveCfg = Release|Any CPU
		{C1F827A2-17C7-4C62-81AD-89EAC0E177F8}.Release|.NET.Build.0 = Release|Any CPU
		{C1F827A2-17C7-4C62-81AD-89EAC0E177F8}.Release|Any CPU.ActiveCfg = Release|Any CPU
		{C1F827A2-17C7-4C62-81AD-89EAC0E177F8}.Release|Any CPU.Build.0 = Release|Any CPU
		{C1F827A2-17C7-4C62-81AD-89EAC0E177F8}.Release|Mixed Platforms.ActiveCfg = Release|Any CPU
		{C1F827A2-17C7-4C62-81AD-89EAC0E177F8}.Release|Mixed Platforms.Build.0 = Release|Any CPU
		{8CDCB840-0B81-41D7-9344-128609FF5BE5}.Debug|.NET.ActiveCfg = Debug|Any CPU
		{8CDCB840-0B81-41D7-9344-128609FF5BE5}.Debug|.NET.Build.0 = Debug|Any CPU
		{8CDCB840-0B81-41D7-9344-128609FF5BE5}.Debug|Any CPU.ActiveCfg = Debug|Any CPU
		{8CDCB840-0B81-41D7-9344-128609FF5BE5}.Debug|Any CPU.Build.0 = Debug|Any CPU
		{8CDCB840-0B81-41D7-9344-128609FF5BE5}.Debug|Mixed Platforms.ActiveCfg = Debug|Any CPU
		{8CDCB840-0B81-41D7-9344-128609FF5BE5}.Debug|Mixed Platforms.Build.0 = Debug|Any CPU
		{8CDCB840-0B81-41D7-9344-128609FF5BE5}.Demo|.NET.ActiveCfg = Debug|Any CPU
		{8CDCB840-0B81-41D7-9344-128609FF5BE5}.Demo|.NET.Build.0 = Debug|Any CPU
		{8CDCB840-0B81-41D7-9344-128609FF5BE5}.Demo|Any CPU.ActiveCfg = Debug|Any CPU
		{8CDCB840-0B81-41D7-9344-128609FF5BE5}.Demo|Any CPU.Build.0 = Debug|Any CPU
		{8CDCB840-0B81-41D7-9344-128609FF5BE5}.Demo|Mixed Platforms.ActiveCfg = Debug|Any CPU
		{8CDCB840-0B81-41D7-9344-128609FF5BE5}.Demo|Mixed Platforms.Build.0 = Debug|Any CPU
		{8CDCB840-0B81-41D7-9344-128609FF5BE5}.Release|.NET.ActiveCfg = Release|Any CPU
		{8CDCB840-0B81-41D7-9344-128609FF5BE5}.Release|.NET.Build.0 = Release|Any CPU
		{8CDCB840-0B81-41D7-9344-128609FF5BE5}.Release|Any CPU.ActiveCfg = Release|Any CPU
		{8CDCB840-0B81-41D7-9344-128609FF5BE5}.Release|Any CPU.Build.0 = Release|Any CPU
		{8CDCB840-0B81-41D7-9344-128609FF5BE5}.Release|Mixed Platforms.ActiveCfg = Release|Any CPU
		{8CDCB840-0B81-41D7-9344-128609FF5BE5}.Release|Mixed Platforms.Build.0 = Release|Any CPU
		{64404C31-50C6-4C74-BA80-BE7CCC66B0DB}.Debug|.NET.ActiveCfg = Debug|Any CPU
		{64404C31-50C6-4C74-BA80-BE7CCC66B0DB}.Debug|.NET.Build.0 = Debug|Any CPU
		{64404C31-50C6-4C74-BA80-BE7CCC66B0DB}.Debug|Any CPU.ActiveCfg = Debug|Any CPU
		{64404C31-50C6-4C74-BA80-BE7CCC66B0DB}.Debug|Any CPU.Build.0 = Debug|Any CPU
		{64404C31-50C6-4C74-BA80-BE7CCC66B0DB}.Debug|Mixed Platforms.ActiveCfg = Debug|Any CPU
		{64404C31-50C6-4C74-BA80-BE7CCC66B0DB}.Debug|Mixed Platforms.Build.0 = Debug|Any CPU
		{64404C31-50C6-4C74-BA80-BE7CCC66B0DB}.Demo|.NET.ActiveCfg = Debug|Any CPU
		{64404C31-50C6-4C74-BA80-BE7CCC66B0DB}.Demo|.NET.Build.0 = Debug|Any CPU
		{64404C31-50C6-4C74-BA80-BE7CCC66B0DB}.Demo|Any CPU.ActiveCfg = Debug|Any CPU
		{64404C31-50C6-4C74-BA80-BE7CCC66B0DB}.Demo|Any CPU.Build.0 = Debug|Any CPU
		{64404C31-50C6-4C74-BA80-BE7CCC66B0DB}.Demo|Mixed Platforms.ActiveCfg = Debug|Any CPU
		{64404C31-50C6-4C74-BA80-BE7CCC66B0DB}.Demo|Mixed Platforms.Build.0 = Debug|Any CPU
		{64404C31-50C6-4C74-BA80-BE7CCC66B0DB}.Release|.NET.ActiveCfg = Release|Any CPU
		{64404C31-50C6-4C74-BA80-BE7CCC66B0DB}.Release|.NET.Build.0 = Release|Any CPU
		{64404C31-50C6-4C74-BA80-BE7CCC66B0DB}.Release|Any CPU.ActiveCfg = Release|Any CPU
		{64404C31-50C6-4C74-BA80-BE7CCC66B0DB}.Release|Any CPU.Build.0 = Release|Any CPU
		{64404C31-50C6-4C74-BA80-BE7CCC66B0DB}.Release|Mixed Platforms.ActiveCfg = Release|Any CPU
		{64404C31-50C6-4C74-BA80-BE7CCC66B0DB}.Release|Mixed Platforms.Build.0 = Release|Any CPU
		{E3263EF7-8029-4031-8427-D18AC13CAEFE}.Debug|.NET.ActiveCfg = Debug|Any CPU
		{E3263EF7-8029-4031-8427-D18AC13CAEFE}.Debug|Any CPU.ActiveCfg = Debug|Any CPU
		{E3263EF7-8029-4031-8427-D18AC13CAEFE}.Debug|Any CPU.Build.0 = Debug|Any CPU
		{E3263EF7-8029-4031-8427-D18AC13CAEFE}.Debug|Mixed Platforms.ActiveCfg = Debug|Any CPU
		{E3263EF7-8029-4031-8427-D18AC13CAEFE}.Debug|Mixed Platforms.Build.0 = Debug|Any CPU
		{E3263EF7-8029-4031-8427-D18AC13CAEFE}.Demo|.NET.ActiveCfg = Debug|Any CPU
		{E3263EF7-8029-4031-8427-D18AC13CAEFE}.Demo|Any CPU.ActiveCfg = Debug|Any CPU
		{E3263EF7-8029-4031-8427-D18AC13CAEFE}.Demo|Any CPU.Build.0 = Debug|Any CPU
		{E3263EF7-8029-4031-8427-D18AC13CAEFE}.Demo|Mixed Platforms.ActiveCfg = Debug|Any CPU
		{E3263EF7-8029-4031-8427-D18AC13CAEFE}.Demo|Mixed Platforms.Build.0 = Debug|Any CPU
		{E3263EF7-8029-4031-8427-D18AC13CAEFE}.Release|.NET.ActiveCfg = Release|Any CPU
		{E3263EF7-8029-4031-8427-D18AC13CAEFE}.Release|Any CPU.ActiveCfg = Release|Any CPU
		{E3263EF7-8029-4031-8427-D18AC13CAEFE}.Release|Any CPU.Build.0 = Release|Any CPU
		{E3263EF7-8029-4031-8427-D18AC13CAEFE}.Release|Mixed Platforms.ActiveCfg = Release|Any CPU
		{E3263EF7-8029-4031-8427-D18AC13CAEFE}.Release|Mixed Platforms.Build.0 = Release|Any CPU
		{9F777876-3384-4BFD-8658-3E46C6459EA6}.Debug|.NET.ActiveCfg = Debug|Any CPU
		{9F777876-3384-4BFD-8658-3E46C6459EA6}.Debug|Any CPU.ActiveCfg = Debug|Any CPU
		{9F777876-3384-4BFD-8658-3E46C6459EA6}.Debug|Any CPU.Build.0 = Debug|Any CPU
		{9F777876-3384-4BFD-8658-3E46C6459EA6}.Debug|Mixed Platforms.ActiveCfg = Debug|Any CPU
		{9F777876-3384-4BFD-8658-3E46C6459EA6}.Debug|Mixed Platforms.Build.0 = Debug|Any CPU
		{9F777876-3384-4BFD-8658-3E46C6459EA6}.Demo|.NET.ActiveCfg = Debug|Any CPU
		{9F777876-3384-4BFD-8658-3E46C6459EA6}.Demo|Any CPU.ActiveCfg = Debug|Any CPU
		{9F777876-3384-4BFD-8658-3E46C6459EA6}.Demo|Any CPU.Build.0 = Debug|Any CPU
		{9F777876-3384-4BFD-8658-3E46C6459EA6}.Demo|Mixed Platforms.ActiveCfg = Debug|Any CPU
		{9F777876-3384-4BFD-8658-3E46C6459EA6}.Demo|Mixed Platforms.Build.0 = Debug|Any CPU
		{9F777876-3384-4BFD-8658-3E46C6459EA6}.Release|.NET.ActiveCfg = Release|Any CPU
		{9F777876-3384-4BFD-8658-3E46C6459EA6}.Release|Any CPU.ActiveCfg = Release|Any CPU
		{9F777876-3384-4BFD-8658-3E46C6459EA6}.Release|Any CPU.Build.0 = Release|Any CPU
		{9F777876-3384-4BFD-8658-3E46C6459EA6}.Release|Mixed Platforms.ActiveCfg = Release|Any CPU
		{9F777876-3384-4BFD-8658-3E46C6459EA6}.Release|Mixed Platforms.Build.0 = Release|Any CPU
		{D21B7FFF-AAFE-4A78-9C63-0EAE48F6C013}.Debug|.NET.ActiveCfg = Debug|Any CPU
		{D21B7FFF-AAFE-4A78-9C63-0EAE48F6C013}.Debug|Any CPU.ActiveCfg = Debug|Any CPU
		{D21B7FFF-AAFE-4A78-9C63-0EAE48F6C013}.Debug|Any CPU.Build.0 = Debug|Any CPU
		{D21B7FFF-AAFE-4A78-9C63-0EAE48F6C013}.Debug|Mixed Platforms.ActiveCfg = Debug|Any CPU
		{D21B7FFF-AAFE-4A78-9C63-0EAE48F6C013}.Debug|Mixed Platforms.Build.0 = Debug|Any CPU
		{D21B7FFF-AAFE-4A78-9C63-0EAE48F6C013}.Demo|.NET.ActiveCfg = Debug|Any CPU
		{D21B7FFF-AAFE-4A78-9C63-0EAE48F6C013}.Demo|Any CPU.ActiveCfg = Debug|Any CPU
		{D21B7FFF-AAFE-4A78-9C63-0EAE48F6C013}.Demo|Any CPU.Build.0 = Debug|Any CPU
		{D21B7FFF-AAFE-4A78-9C63-0EAE48F6C013}.Demo|Mixed Platforms.ActiveCfg = Debug|Any CPU
		{D21B7FFF-AAFE-4A78-9C63-0EAE48F6C013}.Demo|Mixed Platforms.Build.0 = Debug|Any CPU
		{D21B7FFF-AAFE-4A78-9C63-0EAE48F6C013}.Release|.NET.ActiveCfg = Release|Any CPU
		{D21B7FFF-AAFE-4A78-9C63-0EAE48F6C013}.Release|Any CPU.ActiveCfg = Release|Any CPU
		{D21B7FFF-AAFE-4A78-9C63-0EAE48F6C013}.Release|Any CPU.Build.0 = Release|Any CPU
		{D21B7FFF-AAFE-4A78-9C63-0EAE48F6C013}.Release|Mixed Platforms.ActiveCfg = Release|Any CPU
		{D21B7FFF-AAFE-4A78-9C63-0EAE48F6C013}.Release|Mixed Platforms.Build.0 = Release|Any CPU
		{6CDCBE50-431F-4642-AAA4-C71CA707BD0E}.Debug|.NET.ActiveCfg = Debug|Any CPU
		{6CDCBE50-431F-4642-AAA4-C71CA707BD0E}.Debug|Any CPU.ActiveCfg = Debug|Any CPU
		{6CDCBE50-431F-4642-AAA4-C71CA707BD0E}.Debug|Any CPU.Build.0 = Debug|Any CPU
		{6CDCBE50-431F-4642-AAA4-C71CA707BD0E}.Debug|Mixed Platforms.ActiveCfg = Debug|Any CPU
		{6CDCBE50-431F-4642-AAA4-C71CA707BD0E}.Debug|Mixed Platforms.Build.0 = Debug|Any CPU
		{6CDCBE50-431F-4642-AAA4-C71CA707BD0E}.Demo|.NET.ActiveCfg = Debug|Any CPU
		{6CDCBE50-431F-4642-AAA4-C71CA707BD0E}.Demo|Any CPU.ActiveCfg = Debug|Any CPU
		{6CDCBE50-431F-4642-AAA4-C71CA707BD0E}.Demo|Any CPU.Build.0 = Debug|Any CPU
		{6CDCBE50-431F-4642-AAA4-C71CA707BD0E}.Demo|Mixed Platforms.ActiveCfg = Debug|Any CPU
		{6CDCBE50-431F-4642-AAA4-C71CA707BD0E}.Demo|Mixed Platforms.Build.0 = Debug|Any CPU
		{6CDCBE50-431F-4642-AAA4-C71CA707BD0E}.Release|.NET.ActiveCfg = Debug|Any CPU
		{6CDCBE50-431F-4642-AAA4-C71CA707BD0E}.Release|Any CPU.ActiveCfg = Debug|Any CPU
		{6CDCBE50-431F-4642-AAA4-C71CA707BD0E}.Release|Any CPU.Build.0 = Debug|Any CPU
		{6CDCBE50-431F-4642-AAA4-C71CA707BD0E}.Release|Mixed Platforms.ActiveCfg = Debug|Any CPU
		{6CDCBE50-431F-4642-AAA4-C71CA707BD0E}.Release|Mixed Platforms.Build.0 = Debug|Any CPU
		{6077799B-C7B1-4D05-98E6-DFA6D1EDDAAA}.Debug|.NET.ActiveCfg = Debug|Any CPU
		{6077799B-C7B1-4D05-98E6-DFA6D1EDDAAA}.Debug|Any CPU.ActiveCfg = Debug|Any CPU
		{6077799B-C7B1-4D05-98E6-DFA6D1EDDAAA}.Debug|Any CPU.Build.0 = Debug|Any CPU
		{6077799B-C7B1-4D05-98E6-DFA6D1EDDAAA}.Debug|Mixed Platforms.ActiveCfg = Debug|Any CPU
		{6077799B-C7B1-4D05-98E6-DFA6D1EDDAAA}.Debug|Mixed Platforms.Build.0 = Debug|Any CPU
		{6077799B-C7B1-4D05-98E6-DFA6D1EDDAAA}.Demo|.NET.ActiveCfg = Debug|Any CPU
		{6077799B-C7B1-4D05-98E6-DFA6D1EDDAAA}.Demo|Any CPU.ActiveCfg = Debug|Any CPU
		{6077799B-C7B1-4D05-98E6-DFA6D1EDDAAA}.Demo|Any CPU.Build.0 = Debug|Any CPU
		{6077799B-C7B1-4D05-98E6-DFA6D1EDDAAA}.Demo|Mixed Platforms.ActiveCfg = Debug|Any CPU
		{6077799B-C7B1-4D05-98E6-DFA6D1EDDAAA}.Demo|Mixed Platforms.Build.0 = Debug|Any CPU
		{6077799B-C7B1-4D05-98E6-DFA6D1EDDAAA}.Release|.NET.ActiveCfg = Release|Any CPU
		{6077799B-C7B1-4D05-98E6-DFA6D1EDDAAA}.Release|Any CPU.ActiveCfg = Release|Any CPU
		{6077799B-C7B1-4D05-98E6-DFA6D1EDDAAA}.Release|Any CPU.Build.0 = Release|Any CPU
		{6077799B-C7B1-4D05-98E6-DFA6D1EDDAAA}.Release|Mixed Platforms.ActiveCfg = Release|Any CPU
		{6077799B-C7B1-4D05-98E6-DFA6D1EDDAAA}.Release|Mixed Platforms.Build.0 = Release|Any CPU
		{23B0EB15-063D-4224-8A58-74CE51EE15F6}.Debug|.NET.ActiveCfg = Debug|Any CPU
		{23B0EB15-063D-4224-8A58-74CE51EE15F6}.Debug|Any CPU.ActiveCfg = Debug|Any CPU
		{23B0EB15-063D-4224-8A58-74CE51EE15F6}.Debug|Any CPU.Build.0 = Debug|Any CPU
		{23B0EB15-063D-4224-8A58-74CE51EE15F6}.Debug|Mixed Platforms.ActiveCfg = Debug|Any CPU
		{23B0EB15-063D-4224-8A58-74CE51EE15F6}.Debug|Mixed Platforms.Build.0 = Debug|Any CPU
		{23B0EB15-063D-4224-8A58-74CE51EE15F6}.Demo|.NET.ActiveCfg = Debug|Any CPU
		{23B0EB15-063D-4224-8A58-74CE51EE15F6}.Demo|Any CPU.ActiveCfg = Debug|Any CPU
		{23B0EB15-063D-4224-8A58-74CE51EE15F6}.Demo|Any CPU.Build.0 = Debug|Any CPU
		{23B0EB15-063D-4224-8A58-74CE51EE15F6}.Demo|Mixed Platforms.ActiveCfg = Debug|Any CPU
		{23B0EB15-063D-4224-8A58-74CE51EE15F6}.Demo|Mixed Platforms.Build.0 = Debug|Any CPU
		{23B0EB15-063D-4224-8A58-74CE51EE15F6}.Release|.NET.ActiveCfg = Release|Any CPU
		{23B0EB15-063D-4224-8A58-74CE51EE15F6}.Release|Any CPU.ActiveCfg = Release|Any CPU
		{23B0EB15-063D-4224-8A58-74CE51EE15F6}.Release|Any CPU.Build.0 = Release|Any CPU
		{23B0EB15-063D-4224-8A58-74CE51EE15F6}.Release|Mixed Platforms.ActiveCfg = Release|Any CPU
		{23B0EB15-063D-4224-8A58-74CE51EE15F6}.Release|Mixed Platforms.Build.0 = Release|Any CPU
		{60B264AF-A39F-419E-BFC8-D6B25D328A90}.Debug|.NET.ActiveCfg = Debug|Any CPU
		{60B264AF-A39F-419E-BFC8-D6B25D328A90}.Debug|Any CPU.ActiveCfg = Debug|Any CPU
		{60B264AF-A39F-419E-BFC8-D6B25D328A90}.Debug|Any CPU.Build.0 = Debug|Any CPU
		{60B264AF-A39F-419E-BFC8-D6B25D328A90}.Debug|Mixed Platforms.ActiveCfg = Debug|Any CPU
		{60B264AF-A39F-419E-BFC8-D6B25D328A90}.Debug|Mixed Platforms.Build.0 = Debug|Any CPU
		{60B264AF-A39F-419E-BFC8-D6B25D328A90}.Demo|.NET.ActiveCfg = Debug|Any CPU
		{60B264AF-A39F-419E-BFC8-D6B25D328A90}.Demo|Any CPU.ActiveCfg = Debug|Any CPU
		{60B264AF-A39F-419E-BFC8-D6B25D328A90}.Demo|Any CPU.Build.0 = Debug|Any CPU
		{60B264AF-A39F-419E-BFC8-D6B25D328A90}.Demo|Mixed Platforms.ActiveCfg = Debug|Any CPU
		{60B264AF-A39F-419E-BFC8-D6B25D328A90}.Demo|Mixed Platforms.Build.0 = Debug|Any CPU
		{60B264AF-A39F-419E-BFC8-D6B25D328A90}.Release|.NET.ActiveCfg = Release|Any CPU
		{60B264AF-A39F-419E-BFC8-D6B25D328A90}.Release|Any CPU.ActiveCfg = Release|Any CPU
		{60B264AF-A39F-419E-BFC8-D6B25D328A90}.Release|Any CPU.Build.0 = Release|Any CPU
		{60B264AF-A39F-419E-BFC8-D6B25D328A90}.Release|Mixed Platforms.ActiveCfg = Release|Any CPU
		{60B264AF-A39F-419E-BFC8-D6B25D328A90}.Release|Mixed Platforms.Build.0 = Release|Any CPU
		{0FE88E7B-9BA8-4822-90B6-07065D987599}.Debug|.NET.ActiveCfg = Debug|Any CPU
		{0FE88E7B-9BA8-4822-90B6-07065D987599}.Debug|Any CPU.ActiveCfg = Debug|Any CPU
		{0FE88E7B-9BA8-4822-90B6-07065D987599}.Debug|Any CPU.Build.0 = Debug|Any CPU
		{0FE88E7B-9BA8-4822-90B6-07065D987599}.Debug|Mixed Platforms.ActiveCfg = Debug|Any CPU
		{0FE88E7B-9BA8-4822-90B6-07065D987599}.Debug|Mixed Platforms.Build.0 = Debug|Any CPU
		{0FE88E7B-9BA8-4822-90B6-07065D987599}.Demo|.NET.ActiveCfg = Debug|Any CPU
		{0FE88E7B-9BA8-4822-90B6-07065D987599}.Demo|Any CPU.ActiveCfg = Debug|Any CPU
		{0FE88E7B-9BA8-4822-90B6-07065D987599}.Demo|Any CPU.Build.0 = Debug|Any CPU
		{0FE88E7B-9BA8-4822-90B6-07065D987599}.Demo|Mixed Platforms.ActiveCfg = Debug|Any CPU
		{0FE88E7B-9BA8-4822-90B6-07065D987599}.Demo|Mixed Platforms.Build.0 = Debug|Any CPU
		{0FE88E7B-9BA8-4822-90B6-07065D987599}.Release|.NET.ActiveCfg = Release|Any CPU
		{0FE88E7B-9BA8-4822-90B6-07065D987599}.Release|Any CPU.ActiveCfg = Release|Any CPU
		{0FE88E7B-9BA8-4822-90B6-07065D987599}.Release|Any CPU.Build.0 = Release|Any CPU
		{0FE88E7B-9BA8-4822-90B6-07065D987599}.Release|Mixed Platforms.ActiveCfg = Release|Any CPU
		{0FE88E7B-9BA8-4822-90B6-07065D987599}.Release|Mixed Platforms.Build.0 = Release|Any CPU
		{FA1CEAE5-C1EB-4D10-9338-35CA9C19FF22}.Debug|.NET.ActiveCfg = Debug|Any CPU
		{FA1CEAE5-C1EB-4D10-9338-35CA9C19FF22}.Debug|Any CPU.ActiveCfg = Debug|Any CPU
		{FA1CEAE5-C1EB-4D10-9338-35CA9C19FF22}.Debug|Any CPU.Build.0 = Debug|Any CPU
		{FA1CEAE5-C1EB-4D10-9338-35CA9C19FF22}.Debug|Mixed Platforms.ActiveCfg = Debug|Any CPU
		{FA1CEAE5-C1EB-4D10-9338-35CA9C19FF22}.Debug|Mixed Platforms.Build.0 = Debug|Any CPU
		{FA1CEAE5-C1EB-4D10-9338-35CA9C19FF22}.Demo|.NET.ActiveCfg = Debug|Any CPU
		{FA1CEAE5-C1EB-4D10-9338-35CA9C19FF22}.Demo|Any CPU.ActiveCfg = Debug|Any CPU
		{FA1CEAE5-C1EB-4D10-9338-35CA9C19FF22}.Demo|Any CPU.Build.0 = Debug|Any CPU
		{FA1CEAE5-C1EB-4D10-9338-35CA9C19FF22}.Demo|Mixed Platforms.ActiveCfg = Debug|Any CPU
		{FA1CEAE5-C1EB-4D10-9338-35CA9C19FF22}.Demo|Mixed Platforms.Build.0 = Debug|Any CPU
		{FA1CEAE5-C1EB-4D10-9338-35CA9C19FF22}.Release|.NET.ActiveCfg = Release|Any CPU
		{FA1CEAE5-C1EB-4D10-9338-35CA9C19FF22}.Release|Any CPU.ActiveCfg = Release|Any CPU
		{FA1CEAE5-C1EB-4D10-9338-35CA9C19FF22}.Release|Any CPU.Build.0 = Release|Any CPU
		{FA1CEAE5-C1EB-4D10-9338-35CA9C19FF22}.Release|Mixed Platforms.ActiveCfg = Release|Any CPU
		{FA1CEAE5-C1EB-4D10-9338-35CA9C19FF22}.Release|Mixed Platforms.Build.0 = Release|Any CPU
		{1DE21F23-FC17-4034-8324-C83A37416678}.Debug|.NET.ActiveCfg = Debug|Any CPU
		{1DE21F23-FC17-4034-8324-C83A37416678}.Debug|Any CPU.ActiveCfg = Debug|Any CPU
		{1DE21F23-FC17-4034-8324-C83A37416678}.Debug|Any CPU.Build.0 = Debug|Any CPU
		{1DE21F23-FC17-4034-8324-C83A37416678}.Debug|Mixed Platforms.ActiveCfg = Debug|Any CPU
		{1DE21F23-FC17-4034-8324-C83A37416678}.Debug|Mixed Platforms.Build.0 = Debug|Any CPU
		{1DE21F23-FC17-4034-8324-C83A37416678}.Demo|.NET.ActiveCfg = Debug|Any CPU
		{1DE21F23-FC17-4034-8324-C83A37416678}.Demo|Any CPU.ActiveCfg = Debug|Any CPU
		{1DE21F23-FC17-4034-8324-C83A37416678}.Demo|Any CPU.Build.0 = Debug|Any CPU
		{1DE21F23-FC17-4034-8324-C83A37416678}.Demo|Mixed Platforms.ActiveCfg = Debug|Any CPU
		{1DE21F23-FC17-4034-8324-C83A37416678}.Demo|Mixed Platforms.Build.0 = Debug|Any CPU
		{1DE21F23-FC17-4034-8324-C83A37416678}.Release|.NET.ActiveCfg = Release|Any CPU
		{1DE21F23-FC17-4034-8324-C83A37416678}.Release|Any CPU.ActiveCfg = Release|Any CPU
		{1DE21F23-FC17-4034-8324-C83A37416678}.Release|Any CPU.Build.0 = Release|Any CPU
		{1DE21F23-FC17-4034-8324-C83A37416678}.Release|Mixed Platforms.ActiveCfg = Release|Any CPU
		{1DE21F23-FC17-4034-8324-C83A37416678}.Release|Mixed Platforms.Build.0 = Release|Any CPU
		{B0BC113F-0D91-49CC-94EA-DFCD005F8BB1}.Debug|.NET.ActiveCfg = Debug|Any CPU
		{B0BC113F-0D91-49CC-94EA-DFCD005F8BB1}.Debug|Any CPU.ActiveCfg = Debug|Any CPU
		{B0BC113F-0D91-49CC-94EA-DFCD005F8BB1}.Debug|Any CPU.Build.0 = Debug|Any CPU
		{B0BC113F-0D91-49CC-94EA-DFCD005F8BB1}.Debug|Mixed Platforms.ActiveCfg = Debug|Any CPU
		{B0BC113F-0D91-49CC-94EA-DFCD005F8BB1}.Debug|Mixed Platforms.Build.0 = Debug|Any CPU
		{B0BC113F-0D91-49CC-94EA-DFCD005F8BB1}.Demo|.NET.ActiveCfg = Debug|Any CPU
		{B0BC113F-0D91-49CC-94EA-DFCD005F8BB1}.Demo|Any CPU.ActiveCfg = Debug|Any CPU
		{B0BC113F-0D91-49CC-94EA-DFCD005F8BB1}.Demo|Any CPU.Build.0 = Debug|Any CPU
		{B0BC113F-0D91-49CC-94EA-DFCD005F8BB1}.Demo|Mixed Platforms.ActiveCfg = Debug|Any CPU
		{B0BC113F-0D91-49CC-94EA-DFCD005F8BB1}.Demo|Mixed Platforms.Build.0 = Debug|Any CPU
		{B0BC113F-0D91-49CC-94EA-DFCD005F8BB1}.Release|.NET.ActiveCfg = Release|Any CPU
		{B0BC113F-0D91-49CC-94EA-DFCD005F8BB1}.Release|Any CPU.ActiveCfg = Release|Any CPU
		{B0BC113F-0D91-49CC-94EA-DFCD005F8BB1}.Release|Any CPU.Build.0 = Release|Any CPU
		{B0BC113F-0D91-49CC-94EA-DFCD005F8BB1}.Release|Mixed Platforms.ActiveCfg = Release|Any CPU
		{B0BC113F-0D91-49CC-94EA-DFCD005F8BB1}.Release|Mixed Platforms.Build.0 = Release|Any CPU
		{0240D48F-EE64-4B2A-B073-A641E9698CA6}.Debug|.NET.ActiveCfg = Debug|Any CPU
		{0240D48F-EE64-4B2A-B073-A641E9698CA6}.Debug|Any CPU.ActiveCfg = Debug|Any CPU
		{0240D48F-EE64-4B2A-B073-A641E9698CA6}.Debug|Any CPU.Build.0 = Debug|Any CPU
		{0240D48F-EE64-4B2A-B073-A641E9698CA6}.Debug|Mixed Platforms.ActiveCfg = Debug|Any CPU
		{0240D48F-EE64-4B2A-B073-A641E9698CA6}.Debug|Mixed Platforms.Build.0 = Debug|Any CPU
		{0240D48F-EE64-4B2A-B073-A641E9698CA6}.Demo|.NET.ActiveCfg = Debug|Any CPU
		{0240D48F-EE64-4B2A-B073-A641E9698CA6}.Demo|Any CPU.ActiveCfg = Debug|Any CPU
		{0240D48F-EE64-4B2A-B073-A641E9698CA6}.Demo|Any CPU.Build.0 = Debug|Any CPU
		{0240D48F-EE64-4B2A-B073-A641E9698CA6}.Demo|Mixed Platforms.ActiveCfg = Debug|Any CPU
		{0240D48F-EE64-4B2A-B073-A641E9698CA6}.Demo|Mixed Platforms.Build.0 = Debug|Any CPU
		{0240D48F-EE64-4B2A-B073-A641E9698CA6}.Release|.NET.ActiveCfg = Release|Any CPU
		{0240D48F-EE64-4B2A-B073-A641E9698CA6}.Release|Any CPU.ActiveCfg = Release|Any CPU
		{0240D48F-EE64-4B2A-B073-A641E9698CA6}.Release|Any CPU.Build.0 = Release|Any CPU
		{0240D48F-EE64-4B2A-B073-A641E9698CA6}.Release|Mixed Platforms.ActiveCfg = Release|Any CPU
		{0240D48F-EE64-4B2A-B073-A641E9698CA6}.Release|Mixed Platforms.Build.0 = Release|Any CPU
		{3B4E47DE-C4D0-4BA3-855B-08C4C790D123}.Debug|.NET.ActiveCfg = Debug|Any CPU
		{3B4E47DE-C4D0-4BA3-855B-08C4C790D123}.Debug|Any CPU.ActiveCfg = Debug|Any CPU
		{3B4E47DE-C4D0-4BA3-855B-08C4C790D123}.Debug|Any CPU.Build.0 = Debug|Any CPU
		{3B4E47DE-C4D0-4BA3-855B-08C4C790D123}.Debug|Mixed Platforms.ActiveCfg = Debug|Any CPU
		{3B4E47DE-C4D0-4BA3-855B-08C4C790D123}.Debug|Mixed Platforms.Build.0 = Debug|Any CPU
		{3B4E47DE-C4D0-4BA3-855B-08C4C790D123}.Demo|.NET.ActiveCfg = Debug|Any CPU
		{3B4E47DE-C4D0-4BA3-855B-08C4C790D123}.Demo|Any CPU.ActiveCfg = Debug|Any CPU
		{3B4E47DE-C4D0-4BA3-855B-08C4C790D123}.Demo|Any CPU.Build.0 = Debug|Any CPU
		{3B4E47DE-C4D0-4BA3-855B-08C4C790D123}.Demo|Mixed Platforms.ActiveCfg = Debug|Any CPU
		{3B4E47DE-C4D0-4BA3-855B-08C4C790D123}.Demo|Mixed Platforms.Build.0 = Debug|Any CPU
		{3B4E47DE-C4D0-4BA3-855B-08C4C790D123}.Release|.NET.ActiveCfg = Release|Any CPU
		{3B4E47DE-C4D0-4BA3-855B-08C4C790D123}.Release|Any CPU.ActiveCfg = Release|Any CPU
		{3B4E47DE-C4D0-4BA3-855B-08C4C790D123}.Release|Any CPU.Build.0 = Release|Any CPU
		{3B4E47DE-C4D0-4BA3-855B-08C4C790D123}.Release|Mixed Platforms.ActiveCfg = Release|Any CPU
		{3B4E47DE-C4D0-4BA3-855B-08C4C790D123}.Release|Mixed Platforms.Build.0 = Release|Any CPU
		{FC26A18A-64D6-4E14-986D-B5571CFA4441}.Debug|.NET.ActiveCfg = Debug|Any CPU
		{FC26A18A-64D6-4E14-986D-B5571CFA4441}.Debug|Any CPU.ActiveCfg = Debug|Any CPU
		{FC26A18A-64D6-4E14-986D-B5571CFA4441}.Debug|Any CPU.Build.0 = Debug|Any CPU
		{FC26A18A-64D6-4E14-986D-B5571CFA4441}.Debug|Mixed Platforms.ActiveCfg = Debug|Any CPU
		{FC26A18A-64D6-4E14-986D-B5571CFA4441}.Debug|Mixed Platforms.Build.0 = Debug|Any CPU
		{FC26A18A-64D6-4E14-986D-B5571CFA4441}.Demo|.NET.ActiveCfg = Debug|Any CPU
		{FC26A18A-64D6-4E14-986D-B5571CFA4441}.Demo|Any CPU.ActiveCfg = Debug|Any CPU
		{FC26A18A-64D6-4E14-986D-B5571CFA4441}.Demo|Any CPU.Build.0 = Debug|Any CPU
		{FC26A18A-64D6-4E14-986D-B5571CFA4441}.Demo|Mixed Platforms.ActiveCfg = Debug|Any CPU
		{FC26A18A-64D6-4E14-986D-B5571CFA4441}.Demo|Mixed Platforms.Build.0 = Debug|Any CPU
		{FC26A18A-64D6-4E14-986D-B5571CFA4441}.Release|.NET.ActiveCfg = Release|Any CPU
		{FC26A18A-64D6-4E14-986D-B5571CFA4441}.Release|Any CPU.ActiveCfg = Release|Any CPU
		{FC26A18A-64D6-4E14-986D-B5571CFA4441}.Release|Any CPU.Build.0 = Release|Any CPU
		{FC26A18A-64D6-4E14-986D-B5571CFA4441}.Release|Mixed Platforms.ActiveCfg = Release|Any CPU
		{FC26A18A-64D6-4E14-986D-B5571CFA4441}.Release|Mixed Platforms.Build.0 = Release|Any CPU
		{ED6D6462-EB0D-4940-AC7B-BF4C937A5794}.Debug|.NET.ActiveCfg = Debug|Any CPU
		{ED6D6462-EB0D-4940-AC7B-BF4C937A5794}.Debug|Any CPU.ActiveCfg = Debug|Any CPU
		{ED6D6462-EB0D-4940-AC7B-BF4C937A5794}.Debug|Any CPU.Build.0 = Debug|Any CPU
		{ED6D6462-EB0D-4940-AC7B-BF4C937A5794}.Debug|Mixed Platforms.ActiveCfg = Debug|Any CPU
		{ED6D6462-EB0D-4940-AC7B-BF4C937A5794}.Debug|Mixed Platforms.Build.0 = Debug|Any CPU
		{ED6D6462-EB0D-4940-AC7B-BF4C937A5794}.Demo|.NET.ActiveCfg = Debug|Any CPU
		{ED6D6462-EB0D-4940-AC7B-BF4C937A5794}.Demo|Any CPU.ActiveCfg = Debug|Any CPU
		{ED6D6462-EB0D-4940-AC7B-BF4C937A5794}.Demo|Any CPU.Build.0 = Debug|Any CPU
		{ED6D6462-EB0D-4940-AC7B-BF4C937A5794}.Demo|Mixed Platforms.ActiveCfg = Debug|Any CPU
		{ED6D6462-EB0D-4940-AC7B-BF4C937A5794}.Demo|Mixed Platforms.Build.0 = Debug|Any CPU
		{ED6D6462-EB0D-4940-AC7B-BF4C937A5794}.Release|.NET.ActiveCfg = Debug|Any CPU
		{ED6D6462-EB0D-4940-AC7B-BF4C937A5794}.Release|Any CPU.ActiveCfg = Debug|Any CPU
		{ED6D6462-EB0D-4940-AC7B-BF4C937A5794}.Release|Any CPU.Build.0 = Debug|Any CPU
		{ED6D6462-EB0D-4940-AC7B-BF4C937A5794}.Release|Mixed Platforms.ActiveCfg = Debug|Any CPU
		{ED6D6462-EB0D-4940-AC7B-BF4C937A5794}.Release|Mixed Platforms.Build.0 = Debug|Any CPU
	EndGlobalSection
	GlobalSection(SolutionProperties) = preSolution
		HideSolutionNode = FALSE
	EndGlobalSection
	GlobalSection(ExtensibilityGlobals) = postSolution
		VisualSVNWorkingCopyRoot = .
	EndGlobalSection
EndGlobal
