Microsoft Visual Studio Solution File, Format Version 11.00
# Visual Studio 2010
Project("{FAE04EC0-301F-11D3-BF4B-00C04F79EFBC}") = "Using Business Objects", "Using Business Objects\Using Business Objects.csproj", "{CA0690E6-243A-48E5-8EB2-F7A2EBD6DA85}"
EndProject
Project("{FAE04EC0-301F-11D3-BF4B-00C04F79EFBC}") = "My Copyrights", "My Copyrights\My Copyrights.csproj", "{A3C377D5-7C63-4CE1-B1CB-1DE65C8DE9A4}"
EndProject
Project("{FAE04EC0-301F-11D3-BF4B-00C04F79EFBC}") = "Custom Component", "Custom Component\Custom Component.csproj", "{DCF2DB26-865A-4C4F-954C-83AD30A34419}"
EndProject
Project("{FAE04EC0-301F-11D3-BF4B-00C04F79EFBC}") = "Custom Viewer", "Custom Viewer\Custom Viewer.csproj", "{1AD5ECF0-B154-4969-AB5F-7DACDCE52090}"
EndProject
Project("{FAE04EC0-301F-11D3-BF4B-00C04F79EFBC}") = "Custom Designer", "Custom Designer\Custom Designer.csproj", "{C0409ADC-240F-4AE2-8A75-D404C28A9806}"
EndProject
Project("{FAE04EC0-301F-11D3-BF4B-00C04F79EFBC}") = "Export Reports", "Export Reports\Export Reports.csproj", "{69127936-AE54-469F-8984-C9C357C2078C}"
EndProject
Project("{FAE04EC0-301F-11D3-BF4B-00C04F79EFBC}") = "Globalized Reports", "Globalized Reports\Globalized Reports.csproj", "{F8A301AC-3B91-4058-8AA5-B7DAB275201B}"
EndProject
Project("{FAE04EC0-301F-11D3-BF4B-00C04F79EFBC}") = "Live Reports", "Live Reports\Live Reports.csproj", "{27319D05-15F0-4D82-B14F-747D3325D39B}"
EndProject
Project("{FAE04EC0-301F-11D3-BF4B-00C04F79EFBC}") = "Print Grid", "Print Grid\Print Grid.csproj", "{ACEB5ED4-23F8-4C96-8885-0976B60EAB3B}"
EndProject
Project("{FAE04EC0-301F-11D3-BF4B-00C04F79EFBC}") = "Work with Report Components", "Work with Report Components\Work with Report Components.csproj", "{0F0DF6B5-8F63-4BFD-8F95-52D107781355}"
EndProject
Project("{FAE04EC0-301F-11D3-BF4B-00C04F79EFBC}") = "Using Report Variables", "Using Report Variables\Using Report Variables.csproj", "{2C08368C-AA62-48E3-A0D0-79517ECDEB4F}"
EndProject
Project("{FAE04EC0-301F-11D3-BF4B-00C04F79EFBC}") = "User Data in Reports", "User Data in Reports\User Data in Reports.csproj", "{A0AFF4D2-4694-4C92-B271-97136B8F7BD6}"
EndProject
Project("{FAE04EC0-301F-11D3-BF4B-00C04F79EFBC}") = "Reports with Sql Parameters", "Reports with Sql Parameters\Reports with Sql Parameters.csproj", "{2280AF39-D6E9-4D85-8FA5-BB6776A3EEBA}"
EndProject
Project("{FAE04EC0-301F-11D3-BF4B-00C04F79EFBC}") = "Runtime Report Creation", "Runtime Report Creation\Runtime Report Creation.csproj", "{C994BF78-DBF8-4C68-A1B1-73778B711365}"
EndProject
Project("{FAE04EC0-301F-11D3-BF4B-00C04F79EFBC}") = "Viewer in RightToLeft", "Viewer in RightToLeft\Viewer in RightToLeft.csproj", "{5CDA5A79-EC93-4FB3-B937-00A96EF5E3E0}"
EndProject
Project("{FAE04EC0-301F-11D3-BF4B-00C04F79EFBC}") = "Print Table", "Print Table\Print Table.csproj", "{1D9D637D-B0C9-465B-8955-1FA112FD46D1}"
EndProject
Project("{FAE04EC0-301F-11D3-BF4B-00C04F79EFBC}") = "Realtime Viewer", "Realtime Viewer\Realtime Viewer.csproj", "{003B884E-62F8-46CC-AB86-46A08138AAC4}"
EndProject
Project("{FAE04EC0-301F-11D3-BF4B-00C04F79EFBC}") = "Designer and Save Load Events", "Designer and Save Load Events\Designer and Save Load Events.csproj", "{DBB47693-BB3D-4E74-BED6-BA60FFC816FD}"
EndProject
Project("{FAE04EC0-301F-11D3-BF4B-00C04F79EFBC}") = "Runtime Table Creation", "Runtime Table Creation\Runtime Table Creation.csproj", "{E146CDF9-3BB7-4C3C-93EC-659E11C79AE3}"
EndProject
Project("{FAE04EC0-301F-11D3-BF4B-00C04F79EFBC}") = "Demo", "Demo\Demo.csproj", "{36176790-E62D-43BD-86AC-CF44DC2EF041}"
EndProject
Project("{FAE04EC0-301F-11D3-BF4B-00C04F79EFBC}") = "Invoice Creator", "Invoice Creator\Invoice Creator.csproj", "{CD403AF2-B4BF-41A6-B5ED-F08B7E51408C}"
EndProject
Project("{FAE04EC0-301F-11D3-BF4B-00C04F79EFBC}") = "Using Linq in Reports", "Using Linq in Reports\Using Linq in Reports.csproj", "{15230670-EDC3-4790-B540-FE2EC88B8380}"
EndProject
Project("{E24C65DC-7377-472B-9ABA-BC803B73C61A}") = "Web Demo", "Web Demo\", "{AEBCF582-86D6-4A63-AB2F-97C2148649EA}"
	ProjectSection(WebsiteProperties) = preProject
		TargetFrameworkMoniker = ".NETFramework,Version%3Dv4.0"
		Debug.AspNetCompiler.VirtualPath = "/Web Demo"
		Debug.AspNetCompiler.PhysicalPath = "Web Demo\"
		Debug.AspNetCompiler.TargetPath = "PrecompiledWeb\Web Demo\"
		Debug.AspNetCompiler.Updateable = "true"
		Debug.AspNetCompiler.ForceOverwrite = "true"
		Debug.AspNetCompiler.FixedNames = "false"
		Debug.AspNetCompiler.Debug = "True"
		Release.AspNetCompiler.VirtualPath = "/Web Demo"
		Release.AspNetCompiler.PhysicalPath = "Web Demo\"
		Release.AspNetCompiler.TargetPath = "PrecompiledWeb\Web Demo\"
		Release.AspNetCompiler.Updateable = "true"
		Release.AspNetCompiler.ForceOverwrite = "true"
		Release.AspNetCompiler.FixedNames = "false"
		Release.AspNetCompiler.Debug = "False"
		VWDPort = "2786"
	EndProjectSection
EndProject
Global
	GlobalSection(SolutionConfigurationPlatforms) = preSolution
		Debug|.NET = Debug|.NET
		Debug|Any CPU = Debug|Any CPU
		Debug|Mixed Platforms = Debug|Mixed Platforms
		Demo|.NET = Demo|.NET
		Demo|Any CPU = Demo|Any CPU
		Demo|Mixed Platforms = Demo|Mixed Platforms
		Release|.NET = Release|.NET
		Release|Any CPU = Release|Any CPU
		Release|Mixed Platforms = Release|Mixed Platforms
	EndGlobalSection
	GlobalSection(ProjectConfigurationPlatforms) = postSolution
		{CA0690E6-243A-48E5-8EB2-F7A2EBD6DA85}.Debug|.NET.ActiveCfg = Debug|Any CPU
		{CA0690E6-243A-48E5-8EB2-F7A2EBD6DA85}.Debug|Any CPU.ActiveCfg = Debug|Any CPU
		{CA0690E6-243A-48E5-8EB2-F7A2EBD6DA85}.Debug|Any CPU.Build.0 = Debug|Any CPU
		{CA0690E6-243A-48E5-8EB2-F7A2EBD6DA85}.Debug|Mixed Platforms.ActiveCfg = Debug|Any CPU
		{CA0690E6-243A-48E5-8EB2-F7A2EBD6DA85}.Debug|Mixed Platforms.Build.0 = Debug|Any CPU
		{CA0690E6-243A-48E5-8EB2-F7A2EBD6DA85}.Demo|.NET.ActiveCfg = Debug|Any CPU
		{CA0690E6-243A-48E5-8EB2-F7A2EBD6DA85}.Demo|Any CPU.ActiveCfg = Debug|Any CPU
		{CA0690E6-243A-48E5-8EB2-F7A2EBD6DA85}.Demo|Any CPU.Build.0 = Debug|Any CPU
		{CA0690E6-243A-48E5-8EB2-F7A2EBD6DA85}.Demo|Mixed Platforms.ActiveCfg = Debug|Any CPU
		{CA0690E6-243A-48E5-8EB2-F7A2EBD6DA85}.Demo|Mixed Platforms.Build.0 = Debug|Any CPU
		{CA0690E6-243A-48E5-8EB2-F7A2EBD6DA85}.Release|.NET.ActiveCfg = Release|Any CPU
		{CA0690E6-243A-48E5-8EB2-F7A2EBD6DA85}.Release|Any CPU.ActiveCfg = Release|Any CPU
		{CA0690E6-243A-48E5-8EB2-F7A2EBD6DA85}.Release|Any CPU.Build.0 = Release|Any CPU
		{CA0690E6-243A-48E5-8EB2-F7A2EBD6DA85}.Release|Mixed Platforms.ActiveCfg = Release|Any CPU
		{CA0690E6-243A-48E5-8EB2-F7A2EBD6DA85}.Release|Mixed Platforms.Build.0 = Release|Any CPU
		{A3C377D5-7C63-4CE1-B1CB-1DE65C8DE9A4}.Debug|.NET.ActiveCfg = Debug|Any CPU
		{A3C377D5-7C63-4CE1-B1CB-1DE65C8DE9A4}.Debug|Any CPU.ActiveCfg = Debug|Any CPU
		{A3C377D5-7C63-4CE1-B1CB-1DE65C8DE9A4}.Debug|Any CPU.Build.0 = Debug|Any CPU
		{A3C377D5-7C63-4CE1-B1CB-1DE65C8DE9A4}.Debug|Mixed Platforms.ActiveCfg = Debug|Any CPU
		{A3C377D5-7C63-4CE1-B1CB-1DE65C8DE9A4}.Debug|Mixed Platforms.Build.0 = Debug|Any CPU
		{A3C377D5-7C63-4CE1-B1CB-1DE65C8DE9A4}.Demo|.NET.ActiveCfg = Debug|Any CPU
		{A3C377D5-7C63-4CE1-B1CB-1DE65C8DE9A4}.Demo|Any CPU.ActiveCfg = Debug|Any CPU
		{A3C377D5-7C63-4CE1-B1CB-1DE65C8DE9A4}.Demo|Any CPU.Build.0 = Debug|Any CPU
		{A3C377D5-7C63-4CE1-B1CB-1DE65C8DE9A4}.Demo|Mixed Platforms.ActiveCfg = Debug|Any CPU
		{A3C377D5-7C63-4CE1-B1CB-1DE65C8DE9A4}.Demo|Mixed Platforms.Build.0 = Debug|Any CPU
		{A3C377D5-7C63-4CE1-B1CB-1DE65C8DE9A4}.Release|.NET.ActiveCfg = Release|Any CPU
		{A3C377D5-7C63-4CE1-B1CB-1DE65C8DE9A4}.Release|Any CPU.ActiveCfg = Release|Any CPU
		{A3C377D5-7C63-4CE1-B1CB-1DE65C8DE9A4}.Release|Any CPU.Build.0 = Release|Any CPU
		{A3C377D5-7C63-4CE1-B1CB-1DE65C8DE9A4}.Release|Mixed Platforms.ActiveCfg = Release|Any CPU
		{A3C377D5-7C63-4CE1-B1CB-1DE65C8DE9A4}.Release|Mixed Platforms.Build.0 = Release|Any CPU
		{DCF2DB26-865A-4C4F-954C-83AD30A34419}.Debug|.NET.ActiveCfg = Debug|Any CPU
		{DCF2DB26-865A-4C4F-954C-83AD30A34419}.Debug|Any CPU.ActiveCfg = Debug|Any CPU
		{DCF2DB26-865A-4C4F-954C-83AD30A34419}.Debug|Any CPU.Build.0 = Debug|Any CPU
		{DCF2DB26-865A-4C4F-954C-83AD30A34419}.Debug|Mixed Platforms.ActiveCfg = Debug|Any CPU
		{DCF2DB26-865A-4C4F-954C-83AD30A34419}.Debug|Mixed Platforms.Build.0 = Debug|Any CPU
		{DCF2DB26-865A-4C4F-954C-83AD30A34419}.Demo|.NET.ActiveCfg = Debug|Any CPU
		{DCF2DB26-865A-4C4F-954C-83AD30A34419}.Demo|Any CPU.ActiveCfg = Debug|Any CPU
		{DCF2DB26-865A-4C4F-954C-83AD30A34419}.Demo|Any CPU.Build.0 = Debug|Any CPU
		{DCF2DB26-865A-4C4F-954C-83AD30A34419}.Demo|Mixed Platforms.ActiveCfg = Debug|Any CPU
		{DCF2DB26-865A-4C4F-954C-83AD30A34419}.Demo|Mixed Platforms.Build.0 = Debug|Any CPU
		{DCF2DB26-865A-4C4F-954C-83AD30A34419}.Release|.NET.ActiveCfg = Release|Any CPU
		{DCF2DB26-865A-4C4F-954C-83AD30A34419}.Release|Any CPU.ActiveCfg = Release|Any CPU
		{DCF2DB26-865A-4C4F-954C-83AD30A34419}.Release|Any CPU.Build.0 = Release|Any CPU
		{DCF2DB26-865A-4C4F-954C-83AD30A34419}.Release|Mixed Platforms.ActiveCfg = Release|Any CPU
		{DCF2DB26-865A-4C4F-954C-83AD30A34419}.Release|Mixed Platforms.Build.0 = Release|Any CPU
		{1AD5ECF0-B154-4969-AB5F-7DACDCE52090}.Debug|.NET.ActiveCfg = Debug|Any CPU
		{1AD5ECF0-B154-4969-AB5F-7DACDCE52090}.Debug|Any CPU.ActiveCfg = Debug|Any CPU
		{1AD5ECF0-B154-4969-AB5F-7DACDCE52090}.Debug|Any CPU.Build.0 = Debug|Any CPU
		{1AD5ECF0-B154-4969-AB5F-7DACDCE52090}.Debug|Mixed Platforms.ActiveCfg = Debug|Any CPU
		{1AD5ECF0-B154-4969-AB5F-7DACDCE52090}.Debug|Mixed Platforms.Build.0 = Debug|Any CPU
		{1AD5ECF0-B154-4969-AB5F-7DACDCE52090}.Demo|.NET.ActiveCfg = Debug|Any CPU
		{1AD5ECF0-B154-4969-AB5F-7DACDCE52090}.Demo|Any CPU.ActiveCfg = Debug|Any CPU
		{1AD5ECF0-B154-4969-AB5F-7DACDCE52090}.Demo|Any CPU.Build.0 = Debug|Any CPU
		{1AD5ECF0-B154-4969-AB5F-7DACDCE52090}.Demo|Mixed Platforms.ActiveCfg = Debug|Any CPU
		{1AD5ECF0-B154-4969-AB5F-7DACDCE52090}.Demo|Mixed Platforms.Build.0 = Debug|Any CPU
		{1AD5ECF0-B154-4969-AB5F-7DACDCE52090}.Release|.NET.ActiveCfg = Release|Any CPU
		{1AD5ECF0-B154-4969-AB5F-7DACDCE52090}.Release|Any CPU.ActiveCfg = Release|Any CPU
		{1AD5ECF0-B154-4969-AB5F-7DACDCE52090}.Release|Any CPU.Build.0 = Release|Any CPU
		{1AD5ECF0-B154-4969-AB5F-7DACDCE52090}.Release|Mixed Platforms.ActiveCfg = Release|Any CPU
		{1AD5ECF0-B154-4969-AB5F-7DACDCE52090}.Release|Mixed Platforms.Build.0 = Release|Any CPU
		{C0409ADC-240F-4AE2-8A75-D404C28A9806}.Debug|.NET.ActiveCfg = Debug|Any CPU
		{C0409ADC-240F-4AE2-8A75-D404C28A9806}.Debug|Any CPU.ActiveCfg = Debug|Any CPU
		{C0409ADC-240F-4AE2-8A75-D404C28A9806}.Debug|Any CPU.Build.0 = Debug|Any CPU
		{C0409ADC-240F-4AE2-8A75-D404C28A9806}.Debug|Mixed Platforms.ActiveCfg = Debug|Any CPU
		{C0409ADC-240F-4AE2-8A75-D404C28A9806}.Debug|Mixed Platforms.Build.0 = Debug|Any CPU
		{C0409ADC-240F-4AE2-8A75-D404C28A9806}.Demo|.NET.ActiveCfg = Debug|Any CPU
		{C0409ADC-240F-4AE2-8A75-D404C28A9806}.Demo|Any CPU.ActiveCfg = Debug|Any CPU
		{C0409ADC-240F-4AE2-8A75-D404C28A9806}.Demo|Any CPU.Build.0 = Debug|Any CPU
		{C0409ADC-240F-4AE2-8A75-D404C28A9806}.Demo|Mixed Platforms.ActiveCfg = Debug|Any CPU
		{C0409ADC-240F-4AE2-8A75-D404C28A9806}.Demo|Mixed Platforms.Build.0 = Debug|Any CPU
		{C0409ADC-240F-4AE2-8A75-D404C28A9806}.Release|.NET.ActiveCfg = Release|Any CPU
		{C0409ADC-240F-4AE2-8A75-D404C28A9806}.Release|Any CPU.ActiveCfg = Release|Any CPU
		{C0409ADC-240F-4AE2-8A75-D404C28A9806}.Release|Any CPU.Build.0 = Release|Any CPU
		{C0409ADC-240F-4AE2-8A75-D404C28A9806}.Release|Mixed Platforms.ActiveCfg = Release|Any CPU
		{C0409ADC-240F-4AE2-8A75-D404C28A9806}.Release|Mixed Platforms.Build.0 = Release|Any CPU
		{69127936-AE54-469F-8984-C9C357C2078C}.Debug|.NET.ActiveCfg = Debug|Any CPU
		{69127936-AE54-469F-8984-C9C357C2078C}.Debug|Any CPU.ActiveCfg = Debug|Any CPU
		{69127936-AE54-469F-8984-C9C357C2078C}.Debug|Any CPU.Build.0 = Debug|Any CPU
		{69127936-AE54-469F-8984-C9C357C2078C}.Debug|Mixed Platforms.ActiveCfg = Debug|Any CPU
		{69127936-AE54-469F-8984-C9C357C2078C}.Debug|Mixed Platforms.Build.0 = Debug|Any CPU
		{69127936-AE54-469F-8984-C9C357C2078C}.Demo|.NET.ActiveCfg = Debug|Any CPU
		{69127936-AE54-469F-8984-C9C357C2078C}.Demo|Any CPU.ActiveCfg = Debug|Any CPU
		{69127936-AE54-469F-8984-C9C357C2078C}.Demo|Any CPU.Build.0 = Debug|Any CPU
		{69127936-AE54-469F-8984-C9C357C2078C}.Demo|Mixed Platforms.ActiveCfg = Debug|Any CPU
		{69127936-AE54-469F-8984-C9C357C2078C}.Demo|Mixed Platforms.Build.0 = Debug|Any CPU
		{69127936-AE54-469F-8984-C9C357C2078C}.Release|.NET.ActiveCfg = Release|Any CPU
		{69127936-AE54-469F-8984-C9C357C2078C}.Release|Any CPU.ActiveCfg = Release|Any CPU
		{69127936-AE54-469F-8984-C9C357C2078C}.Release|Any CPU.Build.0 = Release|Any CPU
		{69127936-AE54-469F-8984-C9C357C2078C}.Release|Mixed Platforms.ActiveCfg = Release|Any CPU
		{69127936-AE54-469F-8984-C9C357C2078C}.Release|Mixed Platforms.Build.0 = Release|Any CPU
		{F8A301AC-3B91-4058-8AA5-B7DAB275201B}.Debug|.NET.ActiveCfg = Debug|Any CPU
		{F8A301AC-3B91-4058-8AA5-B7DAB275201B}.Debug|Any CPU.ActiveCfg = Debug|Any CPU
		{F8A301AC-3B91-4058-8AA5-B7DAB275201B}.Debug|Any CPU.Build.0 = Debug|Any CPU
		{F8A301AC-3B91-4058-8AA5-B7DAB275201B}.Debug|Mixed Platforms.ActiveCfg = Debug|Any CPU
		{F8A301AC-3B91-4058-8AA5-B7DAB275201B}.Debug|Mixed Platforms.Build.0 = Debug|Any CPU
		{F8A301AC-3B91-4058-8AA5-B7DAB275201B}.Demo|.NET.ActiveCfg = Debug|Any CPU
		{F8A301AC-3B91-4058-8AA5-B7DAB275201B}.Demo|Any CPU.ActiveCfg = Debug|Any CPU
		{F8A301AC-3B91-4058-8AA5-B7DAB275201B}.Demo|Any CPU.Build.0 = Debug|Any CPU
		{F8A301AC-3B91-4058-8AA5-B7DAB275201B}.Demo|Mixed Platforms.ActiveCfg = Debug|Any CPU
		{F8A301AC-3B91-4058-8AA5-B7DAB275201B}.Demo|Mixed Platforms.Build.0 = Debug|Any CPU
		{F8A301AC-3B91-4058-8AA5-B7DAB275201B}.Release|.NET.ActiveCfg = Release|Any CPU
		{F8A301AC-3B91-4058-8AA5-B7DAB275201B}.Release|Any CPU.ActiveCfg = Release|Any CPU
		{F8A301AC-3B91-4058-8AA5-B7DAB275201B}.Release|Any CPU.Build.0 = Release|Any CPU
		{F8A301AC-3B91-4058-8AA5-B7DAB275201B}.Release|Mixed Platforms.ActiveCfg = Release|Any CPU
		{F8A301AC-3B91-4058-8AA5-B7DAB275201B}.Release|Mixed Platforms.Build.0 = Release|Any CPU
		{27319D05-15F0-4D82-B14F-747D3325D39B}.Debug|.NET.ActiveCfg = Debug|Any CPU
		{27319D05-15F0-4D82-B14F-747D3325D39B}.Debug|Any CPU.ActiveCfg = Debug|Any CPU
		{27319D05-15F0-4D82-B14F-747D3325D39B}.Debug|Any CPU.Build.0 = Debug|Any CPU
		{27319D05-15F0-4D82-B14F-747D3325D39B}.Debug|Mixed Platforms.ActiveCfg = Debug|Any CPU
		{27319D05-15F0-4D82-B14F-747D3325D39B}.Debug|Mixed Platforms.Build.0 = Debug|Any CPU
		{27319D05-15F0-4D82-B14F-747D3325D39B}.Demo|.NET.ActiveCfg = Debug|Any CPU
		{27319D05-15F0-4D82-B14F-747D3325D39B}.Demo|Any CPU.ActiveCfg = Debug|Any CPU
		{27319D05-15F0-4D82-B14F-747D3325D39B}.Demo|Any CPU.Build.0 = Debug|Any CPU
		{27319D05-15F0-4D82-B14F-747D3325D39B}.Demo|Mixed Platforms.ActiveCfg = Debug|Any CPU
		{27319D05-15F0-4D82-B14F-747D3325D39B}.Demo|Mixed Platforms.Build.0 = Debug|Any CPU
		{27319D05-15F0-4D82-B14F-747D3325D39B}.Release|.NET.ActiveCfg = Release|Any CPU
		{27319D05-15F0-4D82-B14F-747D3325D39B}.Release|Any CPU.ActiveCfg = Release|Any CPU
		{27319D05-15F0-4D82-B14F-747D3325D39B}.Release|Any CPU.Build.0 = Release|Any CPU
		{27319D05-15F0-4D82-B14F-747D3325D39B}.Release|Mixed Platforms.ActiveCfg = Release|Any CPU
		{27319D05-15F0-4D82-B14F-747D3325D39B}.Release|Mixed Platforms.Build.0 = Release|Any CPU
		{ACEB5ED4-23F8-4C96-8885-0976B60EAB3B}.Debug|.NET.ActiveCfg = Debug|Any CPU
		{ACEB5ED4-23F8-4C96-8885-0976B60EAB3B}.Debug|Any CPU.ActiveCfg = Debug|Any CPU
		{ACEB5ED4-23F8-4C96-8885-0976B60EAB3B}.Debug|Any CPU.Build.0 = Debug|Any CPU
		{ACEB5ED4-23F8-4C96-8885-0976B60EAB3B}.Debug|Mixed Platforms.ActiveCfg = Debug|Any CPU
		{ACEB5ED4-23F8-4C96-8885-0976B60EAB3B}.Debug|Mixed Platforms.Build.0 = Debug|Any CPU
		{ACEB5ED4-23F8-4C96-8885-0976B60EAB3B}.Demo|.NET.ActiveCfg = Debug|Any CPU
		{ACEB5ED4-23F8-4C96-8885-0976B60EAB3B}.Demo|Any CPU.ActiveCfg = Debug|Any CPU
		{ACEB5ED4-23F8-4C96-8885-0976B60EAB3B}.Demo|Any CPU.Build.0 = Debug|Any CPU
		{ACEB5ED4-23F8-4C96-8885-0976B60EAB3B}.Demo|Mixed Platforms.ActiveCfg = Debug|Any CPU
		{ACEB5ED4-23F8-4C96-8885-0976B60EAB3B}.Demo|Mixed Platforms.Build.0 = Debug|Any CPU
		{ACEB5ED4-23F8-4C96-8885-0976B60EAB3B}.Release|.NET.ActiveCfg = Release|Any CPU
		{ACEB5ED4-23F8-4C96-8885-0976B60EAB3B}.Release|Any CPU.ActiveCfg = Release|Any CPU
		{ACEB5ED4-23F8-4C96-8885-0976B60EAB3B}.Release|Any CPU.Build.0 = Release|Any CPU
		{ACEB5ED4-23F8-4C96-8885-0976B60EAB3B}.Release|Mixed Platforms.ActiveCfg = Release|Any CPU
		{ACEB5ED4-23F8-4C96-8885-0976B60EAB3B}.Release|Mixed Platforms.Build.0 = Release|Any CPU
		{0F0DF6B5-8F63-4BFD-8F95-52D107781355}.Debug|.NET.ActiveCfg = Debug|Any CPU
		{0F0DF6B5-8F63-4BFD-8F95-52D107781355}.Debug|Any CPU.ActiveCfg = Debug|Any CPU
		{0F0DF6B5-8F63-4BFD-8F95-52D107781355}.Debug|Any CPU.Build.0 = Debug|Any CPU
		{0F0DF6B5-8F63-4BFD-8F95-52D107781355}.Debug|Mixed Platforms.ActiveCfg = Debug|Any CPU
		{0F0DF6B5-8F63-4BFD-8F95-52D107781355}.Debug|Mixed Platforms.Build.0 = Debug|Any CPU
		{0F0DF6B5-8F63-4BFD-8F95-52D107781355}.Demo|.NET.ActiveCfg = Debug|Any CPU
		{0F0DF6B5-8F63-4BFD-8F95-52D107781355}.Demo|Any CPU.ActiveCfg = Debug|Any CPU
		{0F0DF6B5-8F63-4BFD-8F95-52D107781355}.Demo|Any CPU.Build.0 = Debug|Any CPU
		{0F0DF6B5-8F63-4BFD-8F95-52D107781355}.Demo|Mixed Platforms.ActiveCfg = Debug|Any CPU
		{0F0DF6B5-8F63-4BFD-8F95-52D107781355}.Demo|Mixed Platforms.Build.0 = Debug|Any CPU
		{0F0DF6B5-8F63-4BFD-8F95-52D107781355}.Release|.NET.ActiveCfg = Release|Any CPU
		{0F0DF6B5-8F63-4BFD-8F95-52D107781355}.Release|Any CPU.ActiveCfg = Release|Any CPU
		{0F0DF6B5-8F63-4BFD-8F95-52D107781355}.Release|Any CPU.Build.0 = Release|Any CPU
		{0F0DF6B5-8F63-4BFD-8F95-52D107781355}.Release|Mixed Platforms.ActiveCfg = Release|Any CPU
		{0F0DF6B5-8F63-4BFD-8F95-52D107781355}.Release|Mixed Platforms.Build.0 = Release|Any CPU
		{2C08368C-AA62-48E3-A0D0-79517ECDEB4F}.Debug|.NET.ActiveCfg = Debug|Any CPU
		{2C08368C-AA62-48E3-A0D0-79517ECDEB4F}.Debug|Any CPU.ActiveCfg = Debug|Any CPU
		{2C08368C-AA62-48E3-A0D0-79517ECDEB4F}.Debug|Any CPU.Build.0 = Debug|Any CPU
		{2C08368C-AA62-48E3-A0D0-79517ECDEB4F}.Debug|Mixed Platforms.ActiveCfg = Debug|Any CPU
		{2C08368C-AA62-48E3-A0D0-79517ECDEB4F}.Debug|Mixed Platforms.Build.0 = Debug|Any CPU
		{2C08368C-AA62-48E3-A0D0-79517ECDEB4F}.Demo|.NET.ActiveCfg = Debug|Any CPU
		{2C08368C-AA62-48E3-A0D0-79517ECDEB4F}.Demo|Any CPU.ActiveCfg = Debug|Any CPU
		{2C08368C-AA62-48E3-A0D0-79517ECDEB4F}.Demo|Any CPU.Build.0 = Debug|Any CPU
		{2C08368C-AA62-48E3-A0D0-79517ECDEB4F}.Demo|Mixed Platforms.ActiveCfg = Debug|Any CPU
		{2C08368C-AA62-48E3-A0D0-79517ECDEB4F}.Demo|Mixed Platforms.Build.0 = Debug|Any CPU
		{2C08368C-AA62-48E3-A0D0-79517ECDEB4F}.Release|.NET.ActiveCfg = Release|Any CPU
		{2C08368C-AA62-48E3-A0D0-79517ECDEB4F}.Release|Any CPU.ActiveCfg = Release|Any CPU
		{2C08368C-AA62-48E3-A0D0-79517ECDEB4F}.Release|Any CPU.Build.0 = Release|Any CPU
		{2C08368C-AA62-48E3-A0D0-79517ECDEB4F}.Release|Mixed Platforms.ActiveCfg = Release|Any CPU
		{2C08368C-AA62-48E3-A0D0-79517ECDEB4F}.Release|Mixed Platforms.Build.0 = Release|Any CPU
		{A0AFF4D2-4694-4C92-B271-97136B8F7BD6}.Debug|.NET.ActiveCfg = Debug|Any CPU
		{A0AFF4D2-4694-4C92-B271-97136B8F7BD6}.Debug|Any CPU.ActiveCfg = Debug|Any CPU
		{A0AFF4D2-4694-4C92-B271-97136B8F7BD6}.Debug|Any CPU.Build.0 = Debug|Any CPU
		{A0AFF4D2-4694-4C92-B271-97136B8F7BD6}.Debug|Mixed Platforms.ActiveCfg = Debug|Any CPU
		{A0AFF4D2-4694-4C92-B271-97136B8F7BD6}.Debug|Mixed Platforms.Build.0 = Debug|Any CPU
		{A0AFF4D2-4694-4C92-B271-97136B8F7BD6}.Demo|.NET.ActiveCfg = Debug|Any CPU
		{A0AFF4D2-4694-4C92-B271-97136B8F7BD6}.Demo|Any CPU.ActiveCfg = Debug|Any CPU
		{A0AFF4D2-4694-4C92-B271-97136B8F7BD6}.Demo|Any CPU.Build.0 = Debug|Any CPU
		{A0AFF4D2-4694-4C92-B271-97136B8F7BD6}.Demo|Mixed Platforms.ActiveCfg = Debug|Any CPU
		{A0AFF4D2-4694-4C92-B271-97136B8F7BD6}.Demo|Mixed Platforms.Build.0 = Debug|Any CPU
		{A0AFF4D2-4694-4C92-B271-97136B8F7BD6}.Release|.NET.ActiveCfg = Release|Any CPU
		{A0AFF4D2-4694-4C92-B271-97136B8F7BD6}.Release|Any CPU.ActiveCfg = Release|Any CPU
		{A0AFF4D2-4694-4C92-B271-97136B8F7BD6}.Release|Any CPU.Build.0 = Release|Any CPU
		{A0AFF4D2-4694-4C92-B271-97136B8F7BD6}.Release|Mixed Platforms.ActiveCfg = Release|Any CPU
		{A0AFF4D2-4694-4C92-B271-97136B8F7BD6}.Release|Mixed Platforms.Build.0 = Release|Any CPU
		{2280AF39-D6E9-4D85-8FA5-BB6776A3EEBA}.Debug|.NET.ActiveCfg = Debug|Any CPU
		{2280AF39-D6E9-4D85-8FA5-BB6776A3EEBA}.Debug|Any CPU.ActiveCfg = Debug|Any CPU
		{2280AF39-D6E9-4D85-8FA5-BB6776A3EEBA}.Debug|Any CPU.Build.0 = Debug|Any CPU
		{2280AF39-D6E9-4D85-8FA5-BB6776A3EEBA}.Debug|Mixed Platforms.ActiveCfg = Debug|Any CPU
		{2280AF39-D6E9-4D85-8FA5-BB6776A3EEBA}.Debug|Mixed Platforms.Build.0 = Debug|Any CPU
		{2280AF39-D6E9-4D85-8FA5-BB6776A3EEBA}.Demo|.NET.ActiveCfg = Debug|Any CPU
		{2280AF39-D6E9-4D85-8FA5-BB6776A3EEBA}.Demo|Any CPU.ActiveCfg = Debug|Any CPU
		{2280AF39-D6E9-4D85-8FA5-BB6776A3EEBA}.Demo|Any CPU.Build.0 = Debug|Any CPU
		{2280AF39-D6E9-4D85-8FA5-BB6776A3EEBA}.Demo|Mixed Platforms.ActiveCfg = Debug|Any CPU
		{2280AF39-D6E9-4D85-8FA5-BB6776A3EEBA}.Demo|Mixed Platforms.Build.0 = Debug|Any CPU
		{2280AF39-D6E9-4D85-8FA5-BB6776A3EEBA}.Release|.NET.ActiveCfg = Release|Any CPU
		{2280AF39-D6E9-4D85-8FA5-BB6776A3EEBA}.Release|Any CPU.ActiveCfg = Release|Any CPU
		{2280AF39-D6E9-4D85-8FA5-BB6776A3EEBA}.Release|Any CPU.Build.0 = Release|Any CPU
		{2280AF39-D6E9-4D85-8FA5-BB6776A3EEBA}.Release|Mixed Platforms.ActiveCfg = Release|Any CPU
		{2280AF39-D6E9-4D85-8FA5-BB6776A3EEBA}.Release|Mixed Platforms.Build.0 = Release|Any CPU
		{C994BF78-DBF8-4C68-A1B1-73778B711365}.Debug|.NET.ActiveCfg = Debug|Any CPU
		{C994BF78-DBF8-4C68-A1B1-73778B711365}.Debug|Any CPU.ActiveCfg = Debug|Any CPU
		{C994BF78-DBF8-4C68-A1B1-73778B711365}.Debug|Any CPU.Build.0 = Debug|Any CPU
		{C994BF78-DBF8-4C68-A1B1-73778B711365}.Debug|Mixed Platforms.ActiveCfg = Debug|Any CPU
		{C994BF78-DBF8-4C68-A1B1-73778B711365}.Debug|Mixed Platforms.Build.0 = Debug|Any CPU
		{C994BF78-DBF8-4C68-A1B1-73778B711365}.Demo|.NET.ActiveCfg = Debug|Any CPU
		{C994BF78-DBF8-4C68-A1B1-73778B711365}.Demo|Any CPU.ActiveCfg = Debug|Any CPU
		{C994BF78-DBF8-4C68-A1B1-73778B711365}.Demo|Any CPU.Build.0 = Debug|Any CPU
		{C994BF78-DBF8-4C68-A1B1-73778B711365}.Demo|Mixed Platforms.ActiveCfg = Debug|Any CPU
		{C994BF78-DBF8-4C68-A1B1-73778B711365}.Demo|Mixed Platforms.Build.0 = Debug|Any CPU
		{C994BF78-DBF8-4C68-A1B1-73778B711365}.Release|.NET.ActiveCfg = Release|Any CPU
		{C994BF78-DBF8-4C68-A1B1-73778B711365}.Release|Any CPU.ActiveCfg = Release|Any CPU
		{C994BF78-DBF8-4C68-A1B1-73778B711365}.Release|Any CPU.Build.0 = Release|Any CPU
		{C994BF78-DBF8-4C68-A1B1-73778B711365}.Release|Mixed Platforms.ActiveCfg = Release|Any CPU
		{C994BF78-DBF8-4C68-A1B1-73778B711365}.Release|Mixed Platforms.Build.0 = Release|Any CPU
		{5CDA5A79-EC93-4FB3-B937-00A96EF5E3E0}.Debug|.NET.ActiveCfg = Debug|Any CPU
		{5CDA5A79-EC93-4FB3-B937-00A96EF5E3E0}.Debug|Any CPU.ActiveCfg = Debug|Any CPU
		{5CDA5A79-EC93-4FB3-B937-00A96EF5E3E0}.Debug|Any CPU.Build.0 = Debug|Any CPU
		{5CDA5A79-EC93-4FB3-B937-00A96EF5E3E0}.Debug|Mixed Platforms.ActiveCfg = Debug|Any CPU
		{5CDA5A79-EC93-4FB3-B937-00A96EF5E3E0}.Debug|Mixed Platforms.Build.0 = Debug|Any CPU
		{5CDA5A79-EC93-4FB3-B937-00A96EF5E3E0}.Demo|.NET.ActiveCfg = Debug|Any CPU
		{5CDA5A79-EC93-4FB3-B937-00A96EF5E3E0}.Demo|Any CPU.ActiveCfg = Debug|Any CPU
		{5CDA5A79-EC93-4FB3-B937-00A96EF5E3E0}.Demo|Any CPU.Build.0 = Debug|Any CPU
		{5CDA5A79-EC93-4FB3-B937-00A96EF5E3E0}.Demo|Mixed Platforms.ActiveCfg = Debug|Any CPU
		{5CDA5A79-EC93-4FB3-B937-00A96EF5E3E0}.Demo|Mixed Platforms.Build.0 = Debug|Any CPU
		{5CDA5A79-EC93-4FB3-B937-00A96EF5E3E0}.Release|.NET.ActiveCfg = Release|Any CPU
		{5CDA5A79-EC93-4FB3-B937-00A96EF5E3E0}.Release|Any CPU.ActiveCfg = Release|Any CPU
		{5CDA5A79-EC93-4FB3-B937-00A96EF5E3E0}.Release|Any CPU.Build.0 = Release|Any CPU
		{5CDA5A79-EC93-4FB3-B937-00A96EF5E3E0}.Release|Mixed Platforms.ActiveCfg = Release|Any CPU
		{5CDA5A79-EC93-4FB3-B937-00A96EF5E3E0}.Release|Mixed Platforms.Build.0 = Release|Any CPU
		{1D9D637D-B0C9-465B-8955-1FA112FD46D1}.Debug|.NET.ActiveCfg = Debug|Any CPU
		{1D9D637D-B0C9-465B-8955-1FA112FD46D1}.Debug|Any CPU.ActiveCfg = Debug|Any CPU
		{1D9D637D-B0C9-465B-8955-1FA112FD46D1}.Debug|Any CPU.Build.0 = Debug|Any CPU
		{1D9D637D-B0C9-465B-8955-1FA112FD46D1}.Debug|Mixed Platforms.ActiveCfg = Debug|Any CPU
		{1D9D637D-B0C9-465B-8955-1FA112FD46D1}.Debug|Mixed Platforms.Build.0 = Debug|Any CPU
		{1D9D637D-B0C9-465B-8955-1FA112FD46D1}.Demo|.NET.ActiveCfg = Debug|Any CPU
		{1D9D637D-B0C9-465B-8955-1FA112FD46D1}.Demo|Any CPU.ActiveCfg = Debug|Any CPU
		{1D9D637D-B0C9-465B-8955-1FA112FD46D1}.Demo|Any CPU.Build.0 = Debug|Any CPU
		{1D9D637D-B0C9-465B-8955-1FA112FD46D1}.Demo|Mixed Platforms.ActiveCfg = Debug|Any CPU
		{1D9D637D-B0C9-465B-8955-1FA112FD46D1}.Demo|Mixed Platforms.Build.0 = Debug|Any CPU
		{1D9D637D-B0C9-465B-8955-1FA112FD46D1}.Release|.NET.ActiveCfg = Release|Any CPU
		{1D9D637D-B0C9-465B-8955-1FA112FD46D1}.Release|Any CPU.ActiveCfg = Release|Any CPU
		{1D9D637D-B0C9-465B-8955-1FA112FD46D1}.Release|Any CPU.Build.0 = Release|Any CPU
		{1D9D637D-B0C9-465B-8955-1FA112FD46D1}.Release|Mixed Platforms.ActiveCfg = Release|Any CPU
		{1D9D637D-B0C9-465B-8955-1FA112FD46D1}.Release|Mixed Platforms.Build.0 = Release|Any CPU
		{003B884E-62F8-46CC-AB86-46A08138AAC4}.Debug|.NET.ActiveCfg = Debug|Any CPU
		{003B884E-62F8-46CC-AB86-46A08138AAC4}.Debug|Any CPU.ActiveCfg = Debug|Any CPU
		{003B884E-62F8-46CC-AB86-46A08138AAC4}.Debug|Any CPU.Build.0 = Debug|Any CPU
		{003B884E-62F8-46CC-AB86-46A08138AAC4}.Debug|Mixed Platforms.ActiveCfg = Debug|Any CPU
		{003B884E-62F8-46CC-AB86-46A08138AAC4}.Debug|Mixed Platforms.Build.0 = Debug|Any CPU
		{003B884E-62F8-46CC-AB86-46A08138AAC4}.Demo|.NET.ActiveCfg = Debug|Any CPU
		{003B884E-62F8-46CC-AB86-46A08138AAC4}.Demo|Any CPU.ActiveCfg = Debug|Any CPU
		{003B884E-62F8-46CC-AB86-46A08138AAC4}.Demo|Any CPU.Build.0 = Debug|Any CPU
		{003B884E-62F8-46CC-AB86-46A08138AAC4}.Demo|Mixed Platforms.ActiveCfg = Debug|Any CPU
		{003B884E-62F8-46CC-AB86-46A08138AAC4}.Demo|Mixed Platforms.Build.0 = Debug|Any CPU
		{003B884E-62F8-46CC-AB86-46A08138AAC4}.Release|.NET.ActiveCfg = Release|Any CPU
		{003B884E-62F8-46CC-AB86-46A08138AAC4}.Release|Any CPU.ActiveCfg = Release|Any CPU
		{003B884E-62F8-46CC-AB86-46A08138AAC4}.Release|Any CPU.Build.0 = Release|Any CPU
		{003B884E-62F8-46CC-AB86-46A08138AAC4}.Release|Mixed Platforms.ActiveCfg = Release|Any CPU
		{003B884E-62F8-46CC-AB86-46A08138AAC4}.Release|Mixed Platforms.Build.0 = Release|Any CPU
		{DBB47693-BB3D-4E74-BED6-BA60FFC816FD}.Debug|.NET.ActiveCfg = Debug|Any CPU
		{DBB47693-BB3D-4E74-BED6-BA60FFC816FD}.Debug|Any CPU.ActiveCfg = Debug|Any CPU
		{DBB47693-BB3D-4E74-BED6-BA60FFC816FD}.Debug|Any CPU.Build.0 = Debug|Any CPU
		{DBB47693-BB3D-4E74-BED6-BA60FFC816FD}.Debug|Mixed Platforms.ActiveCfg = Debug|Any CPU
		{DBB47693-BB3D-4E74-BED6-BA60FFC816FD}.Debug|Mixed Platforms.Build.0 = Debug|Any CPU
		{DBB47693-BB3D-4E74-BED6-BA60FFC816FD}.Demo|.NET.ActiveCfg = Debug|Any CPU
		{DBB47693-BB3D-4E74-BED6-BA60FFC816FD}.Demo|Any CPU.ActiveCfg = Debug|Any CPU
		{DBB47693-BB3D-4E74-BED6-BA60FFC816FD}.Demo|Any CPU.Build.0 = Debug|Any CPU
		{DBB47693-BB3D-4E74-BED6-BA60FFC816FD}.Demo|Mixed Platforms.ActiveCfg = Debug|Any CPU
		{DBB47693-BB3D-4E74-BED6-BA60FFC816FD}.Demo|Mixed Platforms.Build.0 = Debug|Any CPU
		{DBB47693-BB3D-4E74-BED6-BA60FFC816FD}.Release|.NET.ActiveCfg = Release|Any CPU
		{DBB47693-BB3D-4E74-BED6-BA60FFC816FD}.Release|Any CPU.ActiveCfg = Release|Any CPU
		{DBB47693-BB3D-4E74-BED6-BA60FFC816FD}.Release|Any CPU.Build.0 = Release|Any CPU
		{DBB47693-BB3D-4E74-BED6-BA60FFC816FD}.Release|Mixed Platforms.ActiveCfg = Release|Any CPU
		{DBB47693-BB3D-4E74-BED6-BA60FFC816FD}.Release|Mixed Platforms.Build.0 = Release|Any CPU
		{E146CDF9-3BB7-4C3C-93EC-659E11C79AE3}.Debug|.NET.ActiveCfg = Debug|Any CPU
		{E146CDF9-3BB7-4C3C-93EC-659E11C79AE3}.Debug|Any CPU.ActiveCfg = Debug|Any CPU
		{E146CDF9-3BB7-4C3C-93EC-659E11C79AE3}.Debug|Any CPU.Build.0 = Debug|Any CPU
		{E146CDF9-3BB7-4C3C-93EC-659E11C79AE3}.Debug|Mixed Platforms.ActiveCfg = Debug|Any CPU
		{E146CDF9-3BB7-4C3C-93EC-659E11C79AE3}.Debug|Mixed Platforms.Build.0 = Debug|Any CPU
		{E146CDF9-3BB7-4C3C-93EC-659E11C79AE3}.Demo|.NET.ActiveCfg = Debug|Any CPU
		{E146CDF9-3BB7-4C3C-93EC-659E11C79AE3}.Demo|Any CPU.ActiveCfg = Debug|Any CPU
		{E146CDF9-3BB7-4C3C-93EC-659E11C79AE3}.Demo|Any CPU.Build.0 = Debug|Any CPU
		{E146CDF9-3BB7-4C3C-93EC-659E11C79AE3}.Demo|Mixed Platforms.ActiveCfg = Debug|Any CPU
		{E146CDF9-3BB7-4C3C-93EC-659E11C79AE3}.Demo|Mixed Platforms.Build.0 = Debug|Any CPU
		{E146CDF9-3BB7-4C3C-93EC-659E11C79AE3}.Release|.NET.ActiveCfg = Release|Any CPU
		{E146CDF9-3BB7-4C3C-93EC-659E11C79AE3}.Release|Any CPU.ActiveCfg = Release|Any CPU
		{E146CDF9-3BB7-4C3C-93EC-659E11C79AE3}.Release|Any CPU.Build.0 = Release|Any CPU
		{E146CDF9-3BB7-4C3C-93EC-659E11C79AE3}.Release|Mixed Platforms.ActiveCfg = Release|Any CPU
		{E146CDF9-3BB7-4C3C-93EC-659E11C79AE3}.Release|Mixed Platforms.Build.0 = Release|Any CPU
		{36176790-E62D-43BD-86AC-CF44DC2EF041}.Debug|.NET.ActiveCfg = Debug|Any CPU
		{36176790-E62D-43BD-86AC-CF44DC2EF041}.Debug|Any CPU.ActiveCfg = Debug|Any CPU
		{36176790-E62D-43BD-86AC-CF44DC2EF041}.Debug|Any CPU.Build.0 = Debug|Any CPU
		{36176790-E62D-43BD-86AC-CF44DC2EF041}.Debug|Mixed Platforms.ActiveCfg = Debug|Any CPU
		{36176790-E62D-43BD-86AC-CF44DC2EF041}.Debug|Mixed Platforms.Build.0 = Debug|Any CPU
		{36176790-E62D-43BD-86AC-CF44DC2EF041}.Demo|.NET.ActiveCfg = Demo|Any CPU
		{36176790-E62D-43BD-86AC-CF44DC2EF041}.Demo|Any CPU.ActiveCfg = Demo|Any CPU
		{36176790-E62D-43BD-86AC-CF44DC2EF041}.Demo|Any CPU.Build.0 = Demo|Any CPU
		{36176790-E62D-43BD-86AC-CF44DC2EF041}.Demo|Mixed Platforms.ActiveCfg = Demo|Any CPU
		{36176790-E62D-43BD-86AC-CF44DC2EF041}.Demo|Mixed Platforms.Build.0 = Demo|Any CPU
		{36176790-E62D-43BD-86AC-CF44DC2EF041}.Release|.NET.ActiveCfg = Release|Any CPU
		{36176790-E62D-43BD-86AC-CF44DC2EF041}.Release|Any CPU.ActiveCfg = Release|Any CPU
		{36176790-E62D-43BD-86AC-CF44DC2EF041}.Release|Any CPU.Build.0 = Release|Any CPU
		{36176790-E62D-43BD-86AC-CF44DC2EF041}.Release|Mixed Platforms.ActiveCfg = Release|Any CPU
		{36176790-E62D-43BD-86AC-CF44DC2EF041}.Release|Mixed Platforms.Build.0 = Release|Any CPU
		{CD403AF2-B4BF-41A6-B5ED-F08B7E51408C}.Debug|.NET.ActiveCfg = Debug|Any CPU
		{CD403AF2-B4BF-41A6-B5ED-F08B7E51408C}.Debug|Any CPU.ActiveCfg = Debug|Any CPU
		{CD403AF2-B4BF-41A6-B5ED-F08B7E51408C}.Debug|Any CPU.Build.0 = Debug|Any CPU
		{CD403AF2-B4BF-41A6-B5ED-F08B7E51408C}.Debug|Mixed Platforms.ActiveCfg = Debug|Any CPU
		{CD403AF2-B4BF-41A6-B5ED-F08B7E51408C}.Debug|Mixed Platforms.Build.0 = Debug|Any CPU
		{CD403AF2-B4BF-41A6-B5ED-F08B7E51408C}.Demo|.NET.ActiveCfg = Debug|Any CPU
		{CD403AF2-B4BF-41A6-B5ED-F08B7E51408C}.Demo|Any CPU.ActiveCfg = Debug|Any CPU
		{CD403AF2-B4BF-41A6-B5ED-F08B7E51408C}.Demo|Any CPU.Build.0 = Debug|Any CPU
		{CD403AF2-B4BF-41A6-B5ED-F08B7E51408C}.Demo|Mixed Platforms.ActiveCfg = Debug|Any CPU
		{CD403AF2-B4BF-41A6-B5ED-F08B7E51408C}.Demo|Mixed Platforms.Build.0 = Debug|Any CPU
		{CD403AF2-B4BF-41A6-B5ED-F08B7E51408C}.Release|.NET.ActiveCfg = Release|Any CPU
		{CD403AF2-B4BF-41A6-B5ED-F08B7E51408C}.Release|Any CPU.ActiveCfg = Release|Any CPU
		{CD403AF2-B4BF-41A6-B5ED-F08B7E51408C}.Release|Any CPU.Build.0 = Release|Any CPU
		{CD403AF2-B4BF-41A6-B5ED-F08B7E51408C}.Release|Mixed Platforms.ActiveCfg = Release|Any CPU
		{CD403AF2-B4BF-41A6-B5ED-F08B7E51408C}.Release|Mixed Platforms.Build.0 = Release|Any CPU
		{15230670-EDC3-4790-B540-FE2EC88B8380}.Debug|.NET.ActiveCfg = Debug|Any CPU
		{15230670-EDC3-4790-B540-FE2EC88B8380}.Debug|Any CPU.ActiveCfg = Debug|Any CPU
		{15230670-EDC3-4790-B540-FE2EC88B8380}.Debug|Any CPU.Build.0 = Debug|Any CPU
		{15230670-EDC3-4790-B540-FE2EC88B8380}.Debug|Mixed Platforms.ActiveCfg = Debug|Any CPU
		{15230670-EDC3-4790-B540-FE2EC88B8380}.Debug|Mixed Platforms.Build.0 = Debug|Any CPU
		{15230670-EDC3-4790-B540-FE2EC88B8380}.Demo|.NET.ActiveCfg = Debug|Any CPU
		{15230670-EDC3-4790-B540-FE2EC88B8380}.Demo|Any CPU.ActiveCfg = Debug|Any CPU
		{15230670-EDC3-4790-B540-FE2EC88B8380}.Demo|Any CPU.Build.0 = Debug|Any CPU
		{15230670-EDC3-4790-B540-FE2EC88B8380}.Demo|Mixed Platforms.ActiveCfg = Debug|Any CPU
		{15230670-EDC3-4790-B540-FE2EC88B8380}.Demo|Mixed Platforms.Build.0 = Debug|Any CPU
		{15230670-EDC3-4790-B540-FE2EC88B8380}.Release|.NET.ActiveCfg = Release|Any CPU
		{15230670-EDC3-4790-B540-FE2EC88B8380}.Release|Any CPU.ActiveCfg = Release|Any CPU
		{15230670-EDC3-4790-B540-FE2EC88B8380}.Release|Any CPU.Build.0 = Release|Any CPU
		{15230670-EDC3-4790-B540-FE2EC88B8380}.Release|Mixed Platforms.ActiveCfg = Release|Any CPU
		{15230670-EDC3-4790-B540-FE2EC88B8380}.Release|Mixed Platforms.Build.0 = Release|Any CPU
		{AEBCF582-86D6-4A63-AB2F-97C2148649EA}.Debug|.NET.ActiveCfg = Debug|Any CPU
		{AEBCF582-86D6-4A63-AB2F-97C2148649EA}.Debug|Any CPU.ActiveCfg = Debug|Any CPU
		{AEBCF582-86D6-4A63-AB2F-97C2148649EA}.Debug|Any CPU.Build.0 = Debug|Any CPU
		{AEBCF582-86D6-4A63-AB2F-97C2148649EA}.Debug|Mixed Platforms.ActiveCfg = Debug|Any CPU
		{AEBCF582-86D6-4A63-AB2F-97C2148649EA}.Debug|Mixed Platforms.Build.0 = Debug|Any CPU
		{AEBCF582-86D6-4A63-AB2F-97C2148649EA}.Demo|.NET.ActiveCfg = Debug|Any CPU
		{AEBCF582-86D6-4A63-AB2F-97C2148649EA}.Demo|Any CPU.ActiveCfg = Debug|Any CPU
		{AEBCF582-86D6-4A63-AB2F-97C2148649EA}.Demo|Any CPU.Build.0 = Debug|Any CPU
		{AEBCF582-86D6-4A63-AB2F-97C2148649EA}.Demo|Mixed Platforms.ActiveCfg = Debug|Any CPU
		{AEBCF582-86D6-4A63-AB2F-97C2148649EA}.Demo|Mixed Platforms.Build.0 = Debug|Any CPU
		{AEBCF582-86D6-4A63-AB2F-97C2148649EA}.Release|.NET.ActiveCfg = Debug|Any CPU
		{AEBCF582-86D6-4A63-AB2F-97C2148649EA}.Release|Any CPU.ActiveCfg = Debug|Any CPU
		{AEBCF582-86D6-4A63-AB2F-97C2148649EA}.Release|Any CPU.Build.0 = Debug|Any CPU
		{AEBCF582-86D6-4A63-AB2F-97C2148649EA}.Release|Mixed Platforms.ActiveCfg = Debug|Any CPU
		{AEBCF582-86D6-4A63-AB2F-97C2148649EA}.Release|Mixed Platforms.Build.0 = Debug|Any CPU
	EndGlobalSection
	GlobalSection(SolutionProperties) = preSolution
		HideSolutionNode = FALSE
	EndGlobalSection
	GlobalSection(ExtensibilityGlobals) = postSolution
		VisualSVNWorkingCopyRoot = .
	EndGlobalSection
EndGlobal
