Microsoft Visual Studio Solution File, Format Version 7.00
Project("{FAE04EC0-301F-11D3-BF4B-00C04F79EFBC}") = "CreateReportInRuntimeFromBusinessObject", "CreateReportInRuntimeFromBusinessObject.csproj", "{ACEB5ED4-23F8-4C96-8885-0976B60EAB3B}"
EndProject
Global
	GlobalSection(SolutionConfiguration) = preSolution
		ConfigName.0 = Debug
		ConfigName.1 = Release
	EndGlobalSection
	GlobalSection(ProjectDependencies) = postSolution
	EndGlobalSection
	GlobalSection(ProjectConfiguration) = postSolution
		{ACEB5ED4-23F8-4C96-8885-0976B60EAB3B}.Debug.ActiveCfg = Debug|.NET
		{ACEB5ED4-23F8-4C96-8885-0976B60EAB3B}.Debug.Build.0 = Debug|.NET
		{ACEB5ED4-23F8-4C96-8885-0976B60EAB3B}.Release.ActiveCfg = Release|.NET
		{ACEB5ED4-23F8-4C96-8885-0976B60EAB3B}.Release.Build.0 = Release|.NET
	EndGlobalSection
	GlobalSection(ExtensibilityGlobals) = postSolution
	EndGlobalSection
	GlobalSection(ExtensibilityAddIns) = postSolution
	EndGlobalSection
EndGlobal
